// !$*UTF8*$!
{
	archiveVersion = 1;
	classes = {
	};
	objectVersion = 50;
	objects = {

/* Begin PBXBuildFile section */
		FA0D9D3A226B16B0005C4AE2 /* OptionMenuView.swift in Sources */ = {isa = PBXBuildFile; fileRef = FA0D9D39226B16B0005C4AE2 /* OptionMenuView.swift */; };
		FA0D9D3E226B16BF005C4AE2 /* OptionMenuController.swift in Sources */ = {isa = PBXBuildFile; fileRef = FA0D9D3D226B16BF005C4AE2 /* OptionMenuController.swift */; };
		FA0D9D40226B185B005C4AE2 /* CheckBox.swift in Sources */ = {isa = PBXBuildFile; fileRef = FA0D9D3F226B185B005C4AE2 /* CheckBox.swift */; };
		FA0D9D43226B1E42005C4AE2 /* ScenesService.swift in Sources */ = {isa = PBXBuildFile; fileRef = FA0D9D42226B1E42005C4AE2 /* ScenesService.swift */; };
		FA0D9D47226B2D9C005C4AE2 /* SceneIterable.swift in Sources */ = {isa = PBXBuildFile; fileRef = FA0D9D46226B2D9C005C4AE2 /* SceneIterable.swift */; };
		FA0D9D4C226B3547005C4AE2 /* Scene.swift in Sources */ = {isa = PBXBuildFile; fileRef = FA0D9D4B226B3547005C4AE2 /* Scene.swift */; };
		FA0D9D52226B625C005C4AE2 /* SKView.swift in Sources */ = {isa = PBXBuildFile; fileRef = FA0D9D51226B625C005C4AE2 /* SKView.swift */; };
		FA0D9D5A226BC374005C4AE2 /* UIComponent.swift in Sources */ = {isa = PBXBuildFile; fileRef = FA0D9D59226BC374005C4AE2 /* UIComponent.swift */; };
		FA0DF2612265C8EF002CE10A /* SKNode.swift in Sources */ = {isa = PBXBuildFile; fileRef = FA0DF2602265C8EF002CE10A /* SKNode.swift */; };
		FA131D8C226A44C800DCD0E8 /* EndGameMenuScene.sks in Resources */ = {isa = PBXBuildFile; fileRef = FA131D89226A44C800DCD0E8 /* EndGameMenuScene.sks */; };
		FA131D8E226A4B2100DCD0E8 /* LevelsMenuScene.sks in Resources */ = {isa = PBXBuildFile; fileRef = FA131D8D226A4B2100DCD0E8 /* LevelsMenuScene.sks */; };
		FA181807226C76E700FAA415 /* BlocksMenuScene.sks in Resources */ = {isa = PBXBuildFile; fileRef = FA181804226C76E700FAA415 /* BlocksMenuScene.sks */; };
		FA181809226C781E00FAA415 /* List.swift in Sources */ = {isa = PBXBuildFile; fileRef = FA181808226C781E00FAA415 /* List.swift */; };
		FA18180C226C7C0800FAA415 /* BlockMenuView.swift in Sources */ = {isa = PBXBuildFile; fileRef = FA18180B226C7C0800FAA415 /* BlockMenuView.swift */; };
		FA18180E226C7C1700FAA415 /* BlockMenuController.swift in Sources */ = {isa = PBXBuildFile; fileRef = FA18180D226C7C1700FAA415 /* BlockMenuController.swift */; };
		FA181811226C7CC900FAA415 /* LevelsMenuView.swift in Sources */ = {isa = PBXBuildFile; fileRef = FA181810226C7CC900FAA415 /* LevelsMenuView.swift */; };
		FA181813226C7CD400FAA415 /* LevelsMenuController.swift in Sources */ = {isa = PBXBuildFile; fileRef = FA181812226C7CD400FAA415 /* LevelsMenuController.swift */; };
		FA181815226C843200FAA415 /* ListItemRenderer.swift in Sources */ = {isa = PBXBuildFile; fileRef = FA181814226C843200FAA415 /* ListItemRenderer.swift */; };
		FA181818226C848A00FAA415 /* ListItemData.swift in Sources */ = {isa = PBXBuildFile; fileRef = FA181817226C848A00FAA415 /* ListItemData.swift */; };
		FA18181C226C888D00FAA415 /* MenuLib.sks in Resources */ = {isa = PBXBuildFile; fileRef = FA18181A226C888D00FAA415 /* MenuLib.sks */; };
		FA18181F226C8EFF00FAA415 /* Int.swift in Sources */ = {isa = PBXBuildFile; fileRef = FA18181E226C8EFF00FAA415 /* Int.swift */; };
		FA181821226C8F9500FAA415 /* Bool.swift in Sources */ = {isa = PBXBuildFile; fileRef = FA181820226C8F9500FAA415 /* Bool.swift */; };
		FA22FA66226284F000880A2B /* MainMenuScene.sks in Resources */ = {isa = PBXBuildFile; fileRef = FA22FA65226284F000880A2B /* MainMenuScene.sks */; };
		FA859417226DDA2F00E9C73E /* Player.xcdatamodeld in Sources */ = {isa = PBXBuildFile; fileRef = FA859415226DDA2F00E9C73E /* Player.xcdatamodeld */; };
		FA859419226DDDFD00E9C73E /* Configuration.plist in Resources */ = {isa = PBXBuildFile; fileRef = FA859418226DDDFD00E9C73E /* Configuration.plist */; };
		FA85941C226DE5D300E9C73E /* ConfigurationModel.swift in Sources */ = {isa = PBXBuildFile; fileRef = FA85941B226DE5D300E9C73E /* ConfigurationModel.swift */; };
		FA859424226DEACC00E9C73E /* ConfigurationService.swift in Sources */ = {isa = PBXBuildFile; fileRef = FA859423226DEACC00E9C73E /* ConfigurationService.swift */; };
		FA859427226E177800E9C73E /* DependencyInjection.framework in Frameworks */ = {isa = PBXBuildFile; fileRef = FA859405226DD5D700E9C73E /* DependencyInjection.framework */; };
		FA859428226E177800E9C73E /* DependencyInjection.framework in Embed Frameworks */ = {isa = PBXBuildFile; fileRef = FA859405226DD5D700E9C73E /* DependencyInjection.framework */; settings = {ATTRIBUTES = (CodeSignOnCopy, RemoveHeadersOnCopy, ); }; };
		FA85942C226E177D00E9C73E /* Engine.framework in Frameworks */ = {isa = PBXBuildFile; fileRef = FA85940E226DD60400E9C73E /* Engine.framework */; };
		FA85942D226E177D00E9C73E /* Engine.framework in Embed Frameworks */ = {isa = PBXBuildFile; fileRef = FA85940E226DD60400E9C73E /* Engine.framework */; settings = {ATTRIBUTES = (CodeSignOnCopy, RemoveHeadersOnCopy, ); }; };
		FAA008C9226CA37D006E784B /* LibraryService.swift in Sources */ = {isa = PBXBuildFile; fileRef = FAA008C8226CA37D006E784B /* LibraryService.swift */; };
		FAA008CC226CD1A7006E784B /* BlockMenuRenderer.swift in Sources */ = {isa = PBXBuildFile; fileRef = FAA008CB226CD1A7006E784B /* BlockMenuRenderer.swift */; };
		FAA008CE226CD1D7006E784B /* LevelMenuRenderer.swift in Sources */ = {isa = PBXBuildFile; fileRef = FAA008CD226CD1D7006E784B /* LevelMenuRenderer.swift */; };
		FAA008D1226D091E006E784B /* ListItemPaddings.swift in Sources */ = {isa = PBXBuildFile; fileRef = FAA008D0226D091E006E784B /* ListItemPaddings.swift */; };
		FABBBA7E225FE9E200245E00 /* AppDelegate.swift in Sources */ = {isa = PBXBuildFile; fileRef = FABBBA7D225FE9E200245E00 /* AppDelegate.swift */; };
		FABBBA82225FE9E200245E00 /* Actions.sks in Resources */ = {isa = PBXBuildFile; fileRef = FABBBA81225FE9E200245E00 /* Actions.sks */; };
		FABBBA84225FE9E200245E00 /* GameScene.swift in Sources */ = {isa = PBXBuildFile; fileRef = FABBBA83225FE9E200245E00 /* GameScene.swift */; };
		FABBBA86225FE9E200245E00 /* GameViewController.swift in Sources */ = {isa = PBXBuildFile; fileRef = FABBBA85225FE9E200245E00 /* GameViewController.swift */; };
		FABBBA89225FE9E200245E00 /* Main.storyboard in Resources */ = {isa = PBXBuildFile; fileRef = FABBBA87225FE9E200245E00 /* Main.storyboard */; };
		FABBBA8B225FE9E300245E00 /* Assets.xcassets in Resources */ = {isa = PBXBuildFile; fileRef = FABBBA8A225FE9E300245E00 /* Assets.xcassets */; };
		FABBBA8E225FE9E300245E00 /* LaunchScreen.storyboard in Resources */ = {isa = PBXBuildFile; fileRef = FABBBA8C225FE9E300245E00 /* LaunchScreen.storyboard */; };
		FAD8EF49226516F000D775FC /* MainMenuView.swift in Sources */ = {isa = PBXBuildFile; fileRef = FAD8EF48226516F000D775FC /* MainMenuView.swift */; };
		FAEF1844226624550071E050 /* MainMenuController.swift in Sources */ = {isa = PBXBuildFile; fileRef = FAEF1843226624550071E050 /* MainMenuController.swift */; };
		FAEF1846226624F80071E050 /* BaseView.swift in Sources */ = {isa = PBXBuildFile; fileRef = FAEF1845226624F80071E050 /* BaseView.swift */; };
		FAEF1848226628590071E050 /* BaseController.swift in Sources */ = {isa = PBXBuildFile; fileRef = FAEF1847226628590071E050 /* BaseController.swift */; };
		FAEF184A22667B2D0071E050 /* OptionsMenuScene.sks in Resources */ = {isa = PBXBuildFile; fileRef = FAEF184922667B2D0071E050 /* OptionsMenuScene.sks */; };
		FAFB10FB2264F9FA00072C5A /* Button.swift in Sources */ = {isa = PBXBuildFile; fileRef = FAFB10FA2264F9F900072C5A /* Button.swift */; };
		FAFB11002264FCB100072C5A /* SKTexture.swift in Sources */ = {isa = PBXBuildFile; fileRef = FAFB10FF2264FCB100072C5A /* SKTexture.swift */; };
/* End PBXBuildFile section */

/* Begin PBXContainerItemProxy section */
		FA859404226DD5D700E9C73E /* PBXContainerItemProxy */ = {
			isa = PBXContainerItemProxy;
			containerPortal = FA859400226DD5D700E9C73E /* DependencyInjection.xcodeproj */;
			proxyType = 2;
			remoteGlobalIDString = FA60F367225E6A9E002B7751;
			remoteInfo = DependencyInjection;
		};
		FA85940D226DD60400E9C73E /* PBXContainerItemProxy */ = {
			isa = PBXContainerItemProxy;
			containerPortal = FA8593F2226DD4D800E9C73E /* Engine.xcodeproj */;
			proxyType = 2;
			remoteGlobalIDString = FA8593E7226DD4C500E9C73E;
			remoteInfo = Engine;
		};
		FA859429226E177800E9C73E /* PBXContainerItemProxy */ = {
			isa = PBXContainerItemProxy;
			containerPortal = FA859400226DD5D700E9C73E /* DependencyInjection.xcodeproj */;
			proxyType = 1;
			remoteGlobalIDString = FA60F366225E6A9E002B7751;
			remoteInfo = DependencyInjection;
		};
		FA85942E226E177D00E9C73E /* PBXContainerItemProxy */ = {
			isa = PBXContainerItemProxy;
			containerPortal = FA8593F2226DD4D800E9C73E /* Engine.xcodeproj */;
			proxyType = 1;
			remoteGlobalIDString = FA8593E6226DD4C500E9C73E;
			remoteInfo = Engine;
		};
		FAEF18192265FB370071E050 /* PBXContainerItemProxy */ = {
			isa = PBXContainerItemProxy;
			containerPortal = FAEF18152265FB370071E050 /* DependencyInjection.xcodeproj */;
			proxyType = 2;
			remoteGlobalIDString = FA60F367225E6A9E002B7751;
			remoteInfo = DependencyInjection;
		};
/* End PBXContainerItemProxy section */

/* Begin PBXCopyFilesBuildPhase section */
		FA85942B226E177800E9C73E /* Embed Frameworks */ = {
			isa = PBXCopyFilesBuildPhase;
			buildActionMask = 2147483647;
			dstPath = "";
			dstSubfolderSpec = 10;
			files = (
				FA85942D226E177D00E9C73E /* Engine.framework in Embed Frameworks */,
				FA859428226E177800E9C73E /* DependencyInjection.framework in Embed Frameworks */,
			);
			name = "Embed Frameworks";
			runOnlyForDeploymentPostprocessing = 0;
		};
/* End PBXCopyFilesBuildPhase section */

/* Begin PBXFileReference section */
		FA0D9D39226B16B0005C4AE2 /* OptionMenuView.swift */ = {isa = PBXFileReference; lastKnownFileType = sourcecode.swift; path = OptionMenuView.swift; sourceTree = "<group>"; };
		FA0D9D3D226B16BF005C4AE2 /* OptionMenuController.swift */ = {isa = PBXFileReference; lastKnownFileType = sourcecode.swift; path = OptionMenuController.swift; sourceTree = "<group>"; };
		FA0D9D3F226B185B005C4AE2 /* CheckBox.swift */ = {isa = PBXFileReference; lastKnownFileType = sourcecode.swift; path = CheckBox.swift; sourceTree = "<group>"; };
		FA0D9D42226B1E42005C4AE2 /* ScenesService.swift */ = {isa = PBXFileReference; lastKnownFileType = sourcecode.swift; path = ScenesService.swift; sourceTree = "<group>"; };
		FA0D9D46226B2D9C005C4AE2 /* SceneIterable.swift */ = {isa = PBXFileReference; lastKnownFileType = sourcecode.swift; path = SceneIterable.swift; sourceTree = "<group>"; };
		FA0D9D4B226B3547005C4AE2 /* Scene.swift */ = {isa = PBXFileReference; lastKnownFileType = sourcecode.swift; path = Scene.swift; sourceTree = "<group>"; };
		FA0D9D51226B625C005C4AE2 /* SKView.swift */ = {isa = PBXFileReference; lastKnownFileType = sourcecode.swift; path = SKView.swift; sourceTree = "<group>"; };
		FA0D9D59226BC374005C4AE2 /* UIComponent.swift */ = {isa = PBXFileReference; lastKnownFileType = sourcecode.swift; path = UIComponent.swift; sourceTree = "<group>"; };
		FA0DF2602265C8EF002CE10A /* SKNode.swift */ = {isa = PBXFileReference; lastKnownFileType = sourcecode.swift; path = SKNode.swift; sourceTree = "<group>"; };
		FA131D89226A44C800DCD0E8 /* EndGameMenuScene.sks */ = {isa = PBXFileReference; lastKnownFileType = file.sks; path = EndGameMenuScene.sks; sourceTree = "<group>"; };
		FA131D8D226A4B2100DCD0E8 /* LevelsMenuScene.sks */ = {isa = PBXFileReference; lastKnownFileType = file.sks; path = LevelsMenuScene.sks; sourceTree = "<group>"; };
		FA181804226C76E700FAA415 /* BlocksMenuScene.sks */ = {isa = PBXFileReference; lastKnownFileType = file.sks; path = BlocksMenuScene.sks; sourceTree = "<group>"; };
		FA181808226C781E00FAA415 /* List.swift */ = {isa = PBXFileReference; lastKnownFileType = sourcecode.swift; path = List.swift; sourceTree = "<group>"; };
		FA18180B226C7C0800FAA415 /* BlockMenuView.swift */ = {isa = PBXFileReference; lastKnownFileType = sourcecode.swift; path = BlockMenuView.swift; sourceTree = "<group>"; };
		FA18180D226C7C1700FAA415 /* BlockMenuController.swift */ = {isa = PBXFileReference; lastKnownFileType = sourcecode.swift; path = BlockMenuController.swift; sourceTree = "<group>"; };
		FA181810226C7CC900FAA415 /* LevelsMenuView.swift */ = {isa = PBXFileReference; lastKnownFileType = sourcecode.swift; path = LevelsMenuView.swift; sourceTree = "<group>"; };
		FA181812226C7CD400FAA415 /* LevelsMenuController.swift */ = {isa = PBXFileReference; lastKnownFileType = sourcecode.swift; path = LevelsMenuController.swift; sourceTree = "<group>"; };
		FA181814226C843200FAA415 /* ListItemRenderer.swift */ = {isa = PBXFileReference; lastKnownFileType = sourcecode.swift; path = ListItemRenderer.swift; sourceTree = "<group>"; };
		FA181817226C848A00FAA415 /* ListItemData.swift */ = {isa = PBXFileReference; lastKnownFileType = sourcecode.swift; path = ListItemData.swift; sourceTree = "<group>"; };
		FA18181A226C888D00FAA415 /* MenuLib.sks */ = {isa = PBXFileReference; lastKnownFileType = file.sks; path = MenuLib.sks; sourceTree = "<group>"; };
		FA18181E226C8EFF00FAA415 /* Int.swift */ = {isa = PBXFileReference; lastKnownFileType = sourcecode.swift; path = Int.swift; sourceTree = "<group>"; };
		FA181820226C8F9500FAA415 /* Bool.swift */ = {isa = PBXFileReference; lastKnownFileType = sourcecode.swift; path = Bool.swift; sourceTree = "<group>"; };
		FA22FA65226284F000880A2B /* MainMenuScene.sks */ = {isa = PBXFileReference; lastKnownFileType = file.sks; path = MainMenuScene.sks; sourceTree = "<group>"; };
		FA8593F2226DD4D800E9C73E /* Engine.xcodeproj */ = {isa = PBXFileReference; lastKnownFileType = "wrapper.pb-project"; name = Engine.xcodeproj; path = ../Engine.xcodeproj; sourceTree = "<group>"; };
		FA859400226DD5D700E9C73E /* DependencyInjection.xcodeproj */ = {isa = PBXFileReference; lastKnownFileType = "wrapper.pb-project"; path = DependencyInjection.xcodeproj; sourceTree = SOURCE_ROOT; };
		FA859416226DDA2F00E9C73E /* player.xcdatamodel */ = {isa = PBXFileReference; lastKnownFileType = wrapper.xcdatamodel; path = player.xcdatamodel; sourceTree = "<group>"; };
		FA859418226DDDFD00E9C73E /* Configuration.plist */ = {isa = PBXFileReference; lastKnownFileType = text.plist.xml; path = Configuration.plist; sourceTree = "<group>"; };
		FA85941B226DE5D300E9C73E /* ConfigurationModel.swift */ = {isa = PBXFileReference; lastKnownFileType = sourcecode.swift; path = ConfigurationModel.swift; sourceTree = "<group>"; };
		FA859423226DEACC00E9C73E /* ConfigurationService.swift */ = {isa = PBXFileReference; lastKnownFileType = sourcecode.swift; path = ConfigurationService.swift; sourceTree = "<group>"; };
		FAA008C8226CA37D006E784B /* LibraryService.swift */ = {isa = PBXFileReference; lastKnownFileType = sourcecode.swift; path = LibraryService.swift; sourceTree = "<group>"; };
		FAA008CB226CD1A7006E784B /* BlockMenuRenderer.swift */ = {isa = PBXFileReference; lastKnownFileType = sourcecode.swift; path = BlockMenuRenderer.swift; sourceTree = "<group>"; };
		FAA008CD226CD1D7006E784B /* LevelMenuRenderer.swift */ = {isa = PBXFileReference; lastKnownFileType = sourcecode.swift; path = LevelMenuRenderer.swift; sourceTree = "<group>"; };
		FAA008D0226D091E006E784B /* ListItemPaddings.swift */ = {isa = PBXFileReference; lastKnownFileType = sourcecode.swift; path = ListItemPaddings.swift; sourceTree = "<group>"; };
		FABBBA7A225FE9E200245E00 /* Tenner.app */ = {isa = PBXFileReference; explicitFileType = wrapper.application; includeInIndex = 0; path = Tenner.app; sourceTree = BUILT_PRODUCTS_DIR; };
		FABBBA7D225FE9E200245E00 /* AppDelegate.swift */ = {isa = PBXFileReference; lastKnownFileType = sourcecode.swift; path = AppDelegate.swift; sourceTree = "<group>"; };
		FABBBA81225FE9E200245E00 /* Actions.sks */ = {isa = PBXFileReference; lastKnownFileType = file.sks; path = Actions.sks; sourceTree = "<group>"; };
		FABBBA83225FE9E200245E00 /* GameScene.swift */ = {isa = PBXFileReference; lastKnownFileType = sourcecode.swift; path = GameScene.swift; sourceTree = "<group>"; };
		FABBBA85225FE9E200245E00 /* GameViewController.swift */ = {isa = PBXFileReference; lastKnownFileType = sourcecode.swift; path = GameViewController.swift; sourceTree = "<group>"; };
		FABBBA88225FE9E200245E00 /* Base */ = {isa = PBXFileReference; lastKnownFileType = file.storyboard; name = Base; path = Base.lproj/Main.storyboard; sourceTree = "<group>"; };
		FABBBA8A225FE9E300245E00 /* Assets.xcassets */ = {isa = PBXFileReference; lastKnownFileType = folder.assetcatalog; path = Assets.xcassets; sourceTree = "<group>"; };
		FABBBA8D225FE9E300245E00 /* Base */ = {isa = PBXFileReference; lastKnownFileType = file.storyboard; name = Base; path = Base.lproj/LaunchScreen.storyboard; sourceTree = "<group>"; };
		FABBBA8F225FE9E300245E00 /* Info.plist */ = {isa = PBXFileReference; lastKnownFileType = text.plist.xml; path = Info.plist; sourceTree = "<group>"; };
		FAD8EF48226516F000D775FC /* MainMenuView.swift */ = {isa = PBXFileReference; lastKnownFileType = sourcecode.swift; name = MainMenuView.swift; path = Tenner/scene/mainMenu/MainMenuView.swift; sourceTree = SOURCE_ROOT; };
		FAEF18152265FB370071E050 /* DependencyInjection.xcodeproj */ = {isa = PBXFileReference; lastKnownFileType = "wrapper.pb-project"; name = DependencyInjection.xcodeproj; path = ../DependencyInjection/DependencyInjection.xcodeproj; sourceTree = "<group>"; };
		FAEF1843226624550071E050 /* MainMenuController.swift */ = {isa = PBXFileReference; lastKnownFileType = sourcecode.swift; path = MainMenuController.swift; sourceTree = "<group>"; };
		FAEF1845226624F80071E050 /* BaseView.swift */ = {isa = PBXFileReference; lastKnownFileType = sourcecode.swift; path = BaseView.swift; sourceTree = "<group>"; };
		FAEF1847226628590071E050 /* BaseController.swift */ = {isa = PBXFileReference; lastKnownFileType = sourcecode.swift; path = BaseController.swift; sourceTree = "<group>"; };
		FAEF184922667B2D0071E050 /* OptionsMenuScene.sks */ = {isa = PBXFileReference; lastKnownFileType = file.sks; path = OptionsMenuScene.sks; sourceTree = "<group>"; };
		FAFB10FA2264F9F900072C5A /* Button.swift */ = {isa = PBXFileReference; lastKnownFileType = sourcecode.swift; path = Button.swift; sourceTree = "<group>"; };
		FAFB10FF2264FCB100072C5A /* SKTexture.swift */ = {isa = PBXFileReference; lastKnownFileType = sourcecode.swift; path = SKTexture.swift; sourceTree = "<group>"; };
/* End PBXFileReference section */

/* Begin PBXFrameworksBuildPhase section */
		FABBBA77225FE9E200245E00 /* Frameworks */ = {
			isa = PBXFrameworksBuildPhase;
			buildActionMask = 2147483647;
			files = (
				FA85942C226E177D00E9C73E /* Engine.framework in Frameworks */,
				FA859427226E177800E9C73E /* DependencyInjection.framework in Frameworks */,
			);
			runOnlyForDeploymentPostprocessing = 0;
		};
/* End PBXFrameworksBuildPhase section */

/* Begin PBXGroup section */
		FA0D9D41226B1E21005C4AE2 /* scenes */ = {
			isa = PBXGroup;
			children = (
				FA0D9D45226B22AD005C4AE2 /* assets */,
				FA0D9D42226B1E42005C4AE2 /* ScenesService.swift */,
			);
			path = scenes;
			sourceTree = "<group>";
		};
		FA0D9D45226B22AD005C4AE2 /* assets */ = {
			isa = PBXGroup;
			children = (
				FA0D9D4B226B3547005C4AE2 /* Scene.swift */,
				FA0D9D46226B2D9C005C4AE2 /* SceneIterable.swift */,
			);
			path = assets;
			sourceTree = "<group>";
		};
		FA0D9D53226B6837005C4AE2 /* utils */ = {
			isa = PBXGroup;
			children = (
			);
			path = utils;
			sourceTree = "<group>";
		};
		FA131D8F226A504600DCD0E8 /* assets */ = {
			isa = PBXGroup;
			children = (
				FA18181A226C888D00FAA415 /* MenuLib.sks */,
			);
			path = assets;
			sourceTree = "<group>";
		};
		FA18180A226C792200FAA415 /* blockMenu */ = {
			isa = PBXGroup;
			children = (
				FA18180B226C7C0800FAA415 /* BlockMenuView.swift */,
				FA18180D226C7C1700FAA415 /* BlockMenuController.swift */,
			);
			path = blockMenu;
			sourceTree = "<group>";
		};
		FA18180F226C7CAE00FAA415 /* levelsMenu */ = {
			isa = PBXGroup;
			children = (
				FA181810226C7CC900FAA415 /* LevelsMenuView.swift */,
				FA181812226C7CD400FAA415 /* LevelsMenuController.swift */,
			);
			path = levelsMenu;
			sourceTree = "<group>";
		};
		FA181816226C846B00FAA415 /* list */ = {
			isa = PBXGroup;
			children = (
				FA181814226C843200FAA415 /* ListItemRenderer.swift */,
				FA181817226C848A00FAA415 /* ListItemData.swift */,
				FAA008D0226D091E006E784B /* ListItemPaddings.swift */,
			);
			path = list;
			sourceTree = "<group>";
		};
		FA22FA642262835E00880A2B /* scenes */ = {
			isa = PBXGroup;
			children = (
				FA131D8F226A504600DCD0E8 /* assets */,
				FA22FA65226284F000880A2B /* MainMenuScene.sks */,
				FAEF184922667B2D0071E050 /* OptionsMenuScene.sks */,
				FA131D89226A44C800DCD0E8 /* EndGameMenuScene.sks */,
				FA131D8D226A4B2100DCD0E8 /* LevelsMenuScene.sks */,
				FA181804226C76E700FAA415 /* BlocksMenuScene.sks */,
			);
			path = scenes;
			sourceTree = "<group>";
		};
		FA7AA1F82265061F00D394F5 /* Frameworks */ = {
			isa = PBXGroup;
			children = (
				FAEF18152265FB370071E050 /* DependencyInjection.xcodeproj */,
			);
			name = Frameworks;
			sourceTree = "<group>";
		};
		FA859401226DD5D700E9C73E /* Products */ = {
			isa = PBXGroup;
			children = (
				FA859405226DD5D700E9C73E /* DependencyInjection.framework */,
			);
			name = Products;
			sourceTree = "<group>";
		};
		FA859408226DD60400E9C73E /* Products */ = {
			isa = PBXGroup;
			children = (
				FA85940E226DD60400E9C73E /* Engine.framework */,
			);
			name = Products;
			sourceTree = "<group>";
		};
		FA859412226DD9B900E9C73E /* data */ = {
			isa = PBXGroup;
			children = (
				FA859418226DDDFD00E9C73E /* Configuration.plist */,
				FA859415226DDA2F00E9C73E /* Player.xcdatamodeld */,
			);
			path = data;
			sourceTree = "<group>";
		};
		FA85941A226DE56800E9C73E /* model */ = {
			isa = PBXGroup;
			children = (
				FA85941B226DE5D300E9C73E /* ConfigurationModel.swift */,
			);
			path = model;
			sourceTree = "<group>";
		};
		FA859422226DEAA600E9C73E /* configuration */ = {
			isa = PBXGroup;
			children = (
				FA859423226DEACC00E9C73E /* ConfigurationService.swift */,
			);
			path = configuration;
			sourceTree = "<group>";
		};
		FAA008C5226CA366006E784B /* library */ = {
			isa = PBXGroup;
			children = (
				FAA008C8226CA37D006E784B /* LibraryService.swift */,
			);
			path = library;
			sourceTree = "<group>";
		};
		FAA008CA226CD18D006E784B /* core */ = {
			isa = PBXGroup;
			children = (
				FA181816226C846B00FAA415 /* list */,
				FAFB10FA2264F9F900072C5A /* Button.swift */,
				FA0D9D3F226B185B005C4AE2 /* CheckBox.swift */,
				FA181808226C781E00FAA415 /* List.swift */,
				FA0D9D59226BC374005C4AE2 /* UIComponent.swift */,
			);
			path = core;
			sourceTree = "<group>";
		};
		FAA008CF226CD1F9006E784B /* menu */ = {
			isa = PBXGroup;
			children = (
				FAA008CB226CD1A7006E784B /* BlockMenuRenderer.swift */,
				FAA008CD226CD1D7006E784B /* LevelMenuRenderer.swift */,
			);
			path = menu;
			sourceTree = "<group>";
		};
		FABBBA71225FE9E200245E00 = {
			isa = PBXGroup;
			children = (
				FABBBA7C225FE9E200245E00 /* Tenner */,
				FABBBA7B225FE9E200245E00 /* Products */,
				FA7AA1F82265061F00D394F5 /* Frameworks */,
			);
			sourceTree = "<group>";
		};
		FABBBA7B225FE9E200245E00 /* Products */ = {
			isa = PBXGroup;
			children = (
				FABBBA7A225FE9E200245E00 /* Tenner.app */,
			);
			name = Products;
			sourceTree = "<group>";
		};
		FABBBA7C225FE9E200245E00 /* Tenner */ = {
			isa = PBXGroup;
			children = (
				FAEF1820226601960071E050 /* Content */,
				FA0D9D53226B6837005C4AE2 /* utils */,
				FAEF181F226601270071E050 /* extension */,
				FAFB10F92264F9E400072C5A /* ui */,
				FA85941A226DE56800E9C73E /* model */,
				FAEF183E2266233F0071E050 /* scene */,
				FAEF183F226623510071E050 /* service */,
				FABBBA7D225FE9E200245E00 /* AppDelegate.swift */,
				FABBBA85225FE9E200245E00 /* GameViewController.swift */,
				FABBBA8F225FE9E300245E00 /* Info.plist */,
				FA859400226DD5D700E9C73E /* DependencyInjection.xcodeproj */,
				FA8593F2226DD4D800E9C73E /* Engine.xcodeproj */,
			);
			path = Tenner;
			sourceTree = "<group>";
		};
		FABBBA95225FEA5700245E00 /* storyboard */ = {
			isa = PBXGroup;
			children = (
				FABBBA87225FE9E200245E00 /* Main.storyboard */,
				FABBBA8C225FE9E300245E00 /* LaunchScreen.storyboard */,
			);
			path = storyboard;
			sourceTree = "<group>";
		};
		FAEF18162265FB370071E050 /* Products */ = {
			isa = PBXGroup;
			children = (
				FAEF181A2265FB370071E050 /* DependencyInjection.framework */,
			);
			name = Products;
			sourceTree = "<group>";
		};
		FAEF181F226601270071E050 /* extension */ = {
			isa = PBXGroup;
			children = (
				FAFB10FF2264FCB100072C5A /* SKTexture.swift */,
				FA0DF2602265C8EF002CE10A /* SKNode.swift */,
				FA0D9D51226B625C005C4AE2 /* SKView.swift */,
				FA18181E226C8EFF00FAA415 /* Int.swift */,
				FA181820226C8F9500FAA415 /* Bool.swift */,
			);
			path = extension;
			sourceTree = "<group>";
		};
		FAEF1820226601960071E050 /* Content */ = {
			isa = PBXGroup;
			children = (
				FABBBA8A225FE9E300245E00 /* Assets.xcassets */,
				FABBBA81225FE9E200245E00 /* Actions.sks */,
				FA859412226DD9B900E9C73E /* data */,
				FA22FA642262835E00880A2B /* scenes */,
				FABBBA95225FEA5700245E00 /* storyboard */,
			);
			path = Content;
			sourceTree = "<group>";
		};
		FAEF183E2266233F0071E050 /* scene */ = {
			isa = PBXGroup;
			children = (
				FAEF1840226623740071E050 /* mainMenu */,
				FAEF18412266242A0071E050 /* optionMenu */,
				FA18180A226C792200FAA415 /* blockMenu */,
				FA18180F226C7CAE00FAA415 /* levelsMenu */,
				FABBBA83225FE9E200245E00 /* GameScene.swift */,
				FAEF1845226624F80071E050 /* BaseView.swift */,
				FAEF1847226628590071E050 /* BaseController.swift */,
			);
			path = scene;
			sourceTree = "<group>";
		};
		FAEF183F226623510071E050 /* service */ = {
			isa = PBXGroup;
			children = (
				FA859422226DEAA600E9C73E /* configuration */,
				FAA008C5226CA366006E784B /* library */,
				FA0D9D41226B1E21005C4AE2 /* scenes */,
			);
			path = service;
			sourceTree = "<group>";
		};
		FAEF1840226623740071E050 /* mainMenu */ = {
			isa = PBXGroup;
			children = (
				FAD8EF48226516F000D775FC /* MainMenuView.swift */,
				FAEF1843226624550071E050 /* MainMenuController.swift */,
			);
			path = mainMenu;
			sourceTree = "<group>";
		};
		FAEF18412266242A0071E050 /* optionMenu */ = {
			isa = PBXGroup;
			children = (
				FA0D9D39226B16B0005C4AE2 /* OptionMenuView.swift */,
				FA0D9D3D226B16BF005C4AE2 /* OptionMenuController.swift */,
			);
			path = optionMenu;
			sourceTree = "<group>";
		};
		FAFB10F92264F9E400072C5A /* ui */ = {
			isa = PBXGroup;
			children = (
				FAA008CF226CD1F9006E784B /* menu */,
				FAA008CA226CD18D006E784B /* core */,
			);
			path = ui;
			sourceTree = "<group>";
		};
/* End PBXGroup section */

/* Begin PBXNativeTarget section */
		FABBBA79225FE9E200245E00 /* Tenner */ = {
			isa = PBXNativeTarget;
			buildConfigurationList = FABBBA92225FE9E300245E00 /* Build configuration list for PBXNativeTarget "Tenner" */;
			buildPhases = (
				FABBBA76225FE9E200245E00 /* Sources */,
				FABBBA77225FE9E200245E00 /* Frameworks */,
				FABBBA78225FE9E200245E00 /* Resources */,
				FA85942B226E177800E9C73E /* Embed Frameworks */,
			);
			buildRules = (
			);
			dependencies = (
				FA85942A226E177800E9C73E /* PBXTargetDependency */,
				FA85942F226E177D00E9C73E /* PBXTargetDependency */,
			);
			name = Tenner;
			productName = Tenner;
			productReference = FABBBA7A225FE9E200245E00 /* Tenner.app */;
			productType = "com.apple.product-type.application";
		};
/* End PBXNativeTarget section */

/* Begin PBXProject section */
		FABBBA72225FE9E200245E00 /* Project object */ = {
			isa = PBXProject;
			attributes = {
				LastSwiftUpdateCheck = 1020;
				LastUpgradeCheck = 1020;
				ORGANIZATIONNAME = "Alexey Oleksandrovich";
				TargetAttributes = {
					FABBBA79225FE9E200245E00 = {
						CreatedOnToolsVersion = 10.2;
					};
				};
			};
			buildConfigurationList = FABBBA75225FE9E200245E00 /* Build configuration list for PBXProject "Tenner" */;
			compatibilityVersion = "Xcode 9.3";
			developmentRegion = en;
			hasScannedForEncodings = 0;
			knownRegions = (
				en,
				Base,
			);
			mainGroup = FABBBA71225FE9E200245E00;
			productRefGroup = FABBBA7B225FE9E200245E00 /* Products */;
			projectDirPath = "";
			projectReferences = (
				{
					ProductGroup = FAEF18162265FB370071E050 /* Products */;
					ProjectRef = FAEF18152265FB370071E050 /* DependencyInjection.xcodeproj */;
				},
				{
					ProductGroup = FA859401226DD5D700E9C73E /* Products */;
					ProjectRef = FA859400226DD5D700E9C73E /* DependencyInjection.xcodeproj */;
				},
				{
					ProductGroup = FA859408226DD60400E9C73E /* Products */;
					ProjectRef = FA8593F2226DD4D800E9C73E /* Engine.xcodeproj */;
				},
			);
			projectRoot = "";
			targets = (
				FABBBA79225FE9E200245E00 /* Tenner */,
			);
		};
/* End PBXProject section */

/* Begin PBXReferenceProxy section */
		FA859405226DD5D700E9C73E /* DependencyInjection.framework */ = {
			isa = PBXReferenceProxy;
			fileType = wrapper.framework;
			path = DependencyInjection.framework;
			remoteRef = FA859404226DD5D700E9C73E /* PBXContainerItemProxy */;
			sourceTree = BUILT_PRODUCTS_DIR;
		};
		FA85940E226DD60400E9C73E /* Engine.framework */ = {
			isa = PBXReferenceProxy;
			fileType = wrapper.framework;
			path = Engine.framework;
			remoteRef = FA85940D226DD60400E9C73E /* PBXContainerItemProxy */;
			sourceTree = BUILT_PRODUCTS_DIR;
		};
		FAEF181A2265FB370071E050 /* DependencyInjection.framework */ = {
			isa = PBXReferenceProxy;
			fileType = wrapper.framework;
			path = DependencyInjection.framework;
			remoteRef = FAEF18192265FB370071E050 /* PBXContainerItemProxy */;
			sourceTree = BUILT_PRODUCTS_DIR;
		};
/* End PBXReferenceProxy section */

/* Begin PBXResourcesBuildPhase section */
		FABBBA78225FE9E200245E00 /* Resources */ = {
			isa = PBXResourcesBuildPhase;
			buildActionMask = 2147483647;
			files = (
				FA18181C226C888D00FAA415 /* MenuLib.sks in Resources */,
				FA131D8E226A4B2100DCD0E8 /* LevelsMenuScene.sks in Resources */,
				FABBBA89225FE9E200245E00 /* Main.storyboard in Resources */,
				FAEF184A22667B2D0071E050 /* OptionsMenuScene.sks in Resources */,
				FA22FA66226284F000880A2B /* MainMenuScene.sks in Resources */,
				FABBBA8B225FE9E300245E00 /* Assets.xcassets in Resources */,
				FABBBA8E225FE9E300245E00 /* LaunchScreen.storyboard in Resources */,
				FABBBA82225FE9E200245E00 /* Actions.sks in Resources */,
				FA131D8C226A44C800DCD0E8 /* EndGameMenuScene.sks in Resources */,
				FA859419226DDDFD00E9C73E /* Configuration.plist in Resources */,
				FA181807226C76E700FAA415 /* BlocksMenuScene.sks in Resources */,
			);
			runOnlyForDeploymentPostprocessing = 0;
		};
/* End PBXResourcesBuildPhase section */

/* Begin PBXSourcesBuildPhase section */
		FABBBA76225FE9E200245E00 /* Sources */ = {
			isa = PBXSourcesBuildPhase;
			buildActionMask = 2147483647;
			files = (
				FABBBA84225FE9E200245E00 /* GameScene.swift in Sources */,
				FA18181F226C8EFF00FAA415 /* Int.swift in Sources */,
				FA0D9D5A226BC374005C4AE2 /* UIComponent.swift in Sources */,
				FAEF1844226624550071E050 /* MainMenuController.swift in Sources */,
				FA0D9D47226B2D9C005C4AE2 /* SceneIterable.swift in Sources */,
				FAA008C9226CA37D006E784B /* LibraryService.swift in Sources */,
				FABBBA86225FE9E200245E00 /* GameViewController.swift in Sources */,
				FA0D9D4C226B3547005C4AE2 /* Scene.swift in Sources */,
				FA0D9D3E226B16BF005C4AE2 /* OptionMenuController.swift in Sources */,
				FA0D9D43226B1E42005C4AE2 /* ScenesService.swift in Sources */,
				FA0D9D52226B625C005C4AE2 /* SKView.swift in Sources */,
				FA0DF2612265C8EF002CE10A /* SKNode.swift in Sources */,
				FABBBA7E225FE9E200245E00 /* AppDelegate.swift in Sources */,
				FA18180E226C7C1700FAA415 /* BlockMenuController.swift in Sources */,
				FA859424226DEACC00E9C73E /* ConfigurationService.swift in Sources */,
				FA181811226C7CC900FAA415 /* LevelsMenuView.swift in Sources */,
				FAEF1848226628590071E050 /* BaseController.swift in Sources */,
				FA181813226C7CD400FAA415 /* LevelsMenuController.swift in Sources */,
				FAEF1846226624F80071E050 /* BaseView.swift in Sources */,
				FAD8EF49226516F000D775FC /* MainMenuView.swift in Sources */,
				FAA008CC226CD1A7006E784B /* BlockMenuRenderer.swift in Sources */,
				FA181818226C848A00FAA415 /* ListItemData.swift in Sources */,
				FAFB11002264FCB100072C5A /* SKTexture.swift in Sources */,
				FAFB10FB2264F9FA00072C5A /* Button.swift in Sources */,
				FA85941C226DE5D300E9C73E /* ConfigurationModel.swift in Sources */,
				FA181815226C843200FAA415 /* ListItemRenderer.swift in Sources */,
				FA859417226DDA2F00E9C73E /* Player.xcdatamodeld in Sources */,
				FA0D9D40226B185B005C4AE2 /* CheckBox.swift in Sources */,
				FAA008CE226CD1D7006E784B /* LevelMenuRenderer.swift in Sources */,
				FA181821226C8F9500FAA415 /* Bool.swift in Sources */,
				FA18180C226C7C0800FAA415 /* BlockMenuView.swift in Sources */,
				FAA008D1226D091E006E784B /* ListItemPaddings.swift in Sources */,
				FA181809226C781E00FAA415 /* List.swift in Sources */,
				FA0D9D3A226B16B0005C4AE2 /* OptionMenuView.swift in Sources */,
			);
			runOnlyForDeploymentPostprocessing = 0;
		};
/* End PBXSourcesBuildPhase section */

/* Begin PBXTargetDependency section */
		FA85942A226E177800E9C73E /* PBXTargetDependency */ = {
			isa = PBXTargetDependency;
			name = DependencyInjection;
			targetProxy = FA859429226E177800E9C73E /* PBXContainerItemProxy */;
		};
		FA85942F226E177D00E9C73E /* PBXTargetDependency */ = {
			isa = PBXTargetDependency;
			name = Engine;
			targetProxy = FA85942E226E177D00E9C73E /* PBXContainerItemProxy */;
		};
/* End PBXTargetDependency section */

/* Begin PBXVariantGroup section */
		FABBBA87225FE9E200245E00 /* Main.storyboard */ = {
			isa = PBXVariantGroup;
			children = (
				FABBBA88225FE9E200245E00 /* Base */,
			);
			name = Main.storyboard;
			sourceTree = "<group>";
		};
		FABBBA8C225FE9E300245E00 /* LaunchScreen.storyboard */ = {
			isa = PBXVariantGroup;
			children = (
				FABBBA8D225FE9E300245E00 /* Base */,
			);
			name = LaunchScreen.storyboard;
			sourceTree = "<group>";
		};
/* End PBXVariantGroup section */

/* Begin XCBuildConfiguration section */
		FABBBA90225FE9E300245E00 /* Debug */ = {
			isa = XCBuildConfiguration;
			buildSettings = {
				ALWAYS_SEARCH_USER_PATHS = NO;
				CLANG_ANALYZER_NONNULL = YES;
				CLANG_ANALYZER_NUMBER_OBJECT_CONVERSION = YES_AGGRESSIVE;
				CLANG_CXX_LANGUAGE_STANDARD = "gnu++14";
				CLANG_CXX_LIBRARY = "libc++";
				CLANG_ENABLE_MODULES = YES;
				CLANG_ENABLE_OBJC_ARC = YES;
				CLANG_ENABLE_OBJC_WEAK = YES;
				CLANG_WARN_BLOCK_CAPTURE_AUTORELEASING = YES;
				CLANG_WARN_BOOL_CONVERSION = YES;
				CLANG_WARN_COMMA = YES;
				CLANG_WARN_CONSTANT_CONVERSION = YES;
				CLANG_WARN_DEPRECATED_OBJC_IMPLEMENTATIONS = YES;
				CLANG_WARN_DIRECT_OBJC_ISA_USAGE = YES_ERROR;
				CLANG_WARN_DOCUMENTATION_COMMENTS = YES;
				CLANG_WARN_EMPTY_BODY = YES;
				CLANG_WARN_ENUM_CONVERSION = YES;
				CLANG_WARN_INFINITE_RECURSION = YES;
				CLANG_WARN_INT_CONVERSION = YES;
				CLANG_WARN_NON_LITERAL_NULL_CONVERSION = YES;
				CLANG_WARN_OBJC_IMPLICIT_RETAIN_SELF = YES;
				CLANG_WARN_OBJC_LITERAL_CONVERSION = YES;
				CLANG_WARN_OBJC_ROOT_CLASS = YES_ERROR;
				CLANG_WARN_RANGE_LOOP_ANALYSIS = YES;
				CLANG_WARN_STRICT_PROTOTYPES = YES;
				CLANG_WARN_SUSPICIOUS_MOVE = YES;
				CLANG_WARN_UNGUARDED_AVAILABILITY = YES_AGGRESSIVE;
				CLANG_WARN_UNREACHABLE_CODE = YES;
				CLANG_WARN__DUPLICATE_METHOD_MATCH = YES;
				CODE_SIGN_IDENTITY = "iPhone Developer";
				COPY_PHASE_STRIP = NO;
				DEBUG_INFORMATION_FORMAT = dwarf;
				ENABLE_STRICT_OBJC_MSGSEND = YES;
				ENABLE_TESTABILITY = YES;
				GCC_C_LANGUAGE_STANDARD = gnu11;
				GCC_DYNAMIC_NO_PIC = NO;
				GCC_NO_COMMON_BLOCKS = YES;
				GCC_OPTIMIZATION_LEVEL = 0;
				GCC_PREPROCESSOR_DEFINITIONS = (
					"DEBUG=1",
					"$(inherited)",
				);
				GCC_WARN_64_TO_32_BIT_CONVERSION = YES;
				GCC_WARN_ABOUT_RETURN_TYPE = YES_ERROR;
				GCC_WARN_UNDECLARED_SELECTOR = YES;
				GCC_WARN_UNINITIALIZED_AUTOS = YES_AGGRESSIVE;
				GCC_WARN_UNUSED_FUNCTION = YES;
				GCC_WARN_UNUSED_VARIABLE = YES;
				IPHONEOS_DEPLOYMENT_TARGET = 12.2;
				MTL_ENABLE_DEBUG_INFO = INCLUDE_SOURCE;
				MTL_FAST_MATH = YES;
				ONLY_ACTIVE_ARCH = YES;
				SDKROOT = iphoneos;
				SWIFT_ACTIVE_COMPILATION_CONDITIONS = DEBUG;
				SWIFT_OPTIMIZATION_LEVEL = "-Onone";
			};
			name = Debug;
		};
		FABBBA91225FE9E300245E00 /* Release */ = {
			isa = XCBuildConfiguration;
			buildSettings = {
				ALWAYS_SEARCH_USER_PATHS = NO;
				CLANG_ANALYZER_NONNULL = YES;
				CLANG_ANALYZER_NUMBER_OBJECT_CONVERSION = YES_AGGRESSIVE;
				CLANG_CXX_LANGUAGE_STANDARD = "gnu++14";
				CLANG_CXX_LIBRARY = "libc++";
				CLANG_ENABLE_MODULES = YES;
				CLANG_ENABLE_OBJC_ARC = YES;
				CLANG_ENABLE_OBJC_WEAK = YES;
				CLANG_WARN_BLOCK_CAPTURE_AUTORELEASING = YES;
				CLANG_WARN_BOOL_CONVERSION = YES;
				CLANG_WARN_COMMA = YES;
				CLANG_WARN_CONSTANT_CONVERSION = YES;
				CLANG_WARN_DEPRECATED_OBJC_IMPLEMENTATIONS = YES;
				CLANG_WARN_DIRECT_OBJC_ISA_USAGE = YES_ERROR;
				CLANG_WARN_DOCUMENTATION_COMMENTS = YES;
				CLANG_WARN_EMPTY_BODY = YES;
				CLANG_WARN_ENUM_CONVERSION = YES;
				CLANG_WARN_INFINITE_RECURSION = YES;
				CLANG_WARN_INT_CONVERSION = YES;
				CLANG_WARN_NON_LITERAL_NULL_CONVERSION = YES;
				CLANG_WARN_OBJC_IMPLICIT_RETAIN_SELF = YES;
				CLANG_WARN_OBJC_LITERAL_CONVERSION = YES;
				CLANG_WARN_OBJC_ROOT_CLASS = YES_ERROR;
				CLANG_WARN_RANGE_LOOP_ANALYSIS = YES;
				CLANG_WARN_STRICT_PROTOTYPES = YES;
				CLANG_WARN_SUSPICIOUS_MOVE = YES;
				CLANG_WARN_UNGUARDED_AVAILABILITY = YES_AGGRESSIVE;
				CLANG_WARN_UNREACHABLE_CODE = YES;
				CLANG_WARN__DUPLICATE_METHOD_MATCH = YES;
				CODE_SIGN_IDENTITY = "iPhone Developer";
				COPY_PHASE_STRIP = NO;
				DEBUG_INFORMATION_FORMAT = "dwarf-with-dsym";
				ENABLE_NS_ASSERTIONS = NO;
				ENABLE_STRICT_OBJC_MSGSEND = YES;
				GCC_C_LANGUAGE_STANDARD = gnu11;
				GCC_NO_COMMON_BLOCKS = YES;
				GCC_WARN_64_TO_32_BIT_CONVERSION = YES;
				GCC_WARN_ABOUT_RETURN_TYPE = YES_ERROR;
				GCC_WARN_UNDECLARED_SELECTOR = YES;
				GCC_WARN_UNINITIALIZED_AUTOS = YES_AGGRESSIVE;
				GCC_WARN_UNUSED_FUNCTION = YES;
				GCC_WARN_UNUSED_VARIABLE = YES;
				IPHONEOS_DEPLOYMENT_TARGET = 12.2;
				MTL_ENABLE_DEBUG_INFO = NO;
				MTL_FAST_MATH = YES;
				SDKROOT = iphoneos;
				SWIFT_COMPILATION_MODE = wholemodule;
				SWIFT_OPTIMIZATION_LEVEL = "-O";
				VALIDATE_PRODUCT = YES;
			};
			name = Release;
		};
		FABBBA93225FE9E300245E00 /* Debug */ = {
			isa = XCBuildConfiguration;
			buildSettings = {
				ALWAYS_EMBED_SWIFT_STANDARD_LIBRARIES = YES;
				ASSETCATALOG_COMPILER_APPICON_NAME = AppIcon;
				CODE_SIGN_STYLE = Automatic;
				DEVELOPMENT_TEAM = 2EVWDUVKMM;
				FRAMEWORK_SEARCH_PATHS = (
					"$(inherited)",
					"$(PROJECT_DIR)/Tenner",
				);
				INFOPLIST_FILE = Tenner/Info.plist;
				LD_RUNPATH_SEARCH_PATHS = (
					"$(inherited)",
					"@executable_path/Frameworks",
				);
				PRODUCT_BUNDLE_IDENTIFIER = ak.Tenner;
				PRODUCT_NAME = "$(TARGET_NAME)";
				SWIFT_VERSION = 5.0;
				TARGETED_DEVICE_FAMILY = 1;
			};
			name = Debug;
		};
		FABBBA94225FE9E300245E00 /* Release */ = {
			isa = XCBuildConfiguration;
			buildSettings = {
				ALWAYS_EMBED_SWIFT_STANDARD_LIBRARIES = YES;
				ASSETCATALOG_COMPILER_APPICON_NAME = AppIcon;
				CODE_SIGN_STYLE = Automatic;
				DEVELOPMENT_TEAM = 2EVWDUVKMM;
				FRAMEWORK_SEARCH_PATHS = (
					"$(inherited)",
					"$(PROJECT_DIR)/Tenner",
				);
				INFOPLIST_FILE = Tenner/Info.plist;
				LD_RUNPATH_SEARCH_PATHS = (
					"$(inherited)",
					"@executable_path/Frameworks",
				);
				PRODUCT_BUNDLE_IDENTIFIER = ak.Tenner;
				PRODUCT_NAME = "$(TARGET_NAME)";
				SWIFT_VERSION = 5.0;
				TARGETED_DEVICE_FAMILY = 1;
			};
			name = Release;
		};
/* End XCBuildConfiguration section */

/* Begin XCConfigurationList section */
		FABBBA75225FE9E200245E00 /* Build configuration list for PBXProject "Tenner" */ = {
			isa = XCConfigurationList;
			buildConfigurations = (
				FABBBA90225FE9E300245E00 /* Debug */,
				FABBBA91225FE9E300245E00 /* Release */,
			);
			defaultConfigurationIsVisible = 0;
			defaultConfigurationName = Release;
		};
		FABBBA92225FE9E300245E00 /* Build configuration list for PBXNativeTarget "Tenner" */ = {
			isa = XCConfigurationList;
			buildConfigurations = (
				FABBBA93225FE9E300245E00 /* Debug */,
				FABBBA94225FE9E300245E00 /* Release */,
			);
			defaultConfigurationIsVisible = 0;
			defaultConfigurationName = Release;
		};
/* End XCConfigurationList section */

/* Begin XCVersionGroup section */
		FA859415226DDA2F00E9C73E /* Player.xcdatamodeld */ = {
			isa = XCVersionGroup;
			children = (
				FA859416226DDA2F00E9C73E /* player.xcdatamodel */,
			);
			currentVersion = FA859416226DDA2F00E9C73E /* player.xcdatamodel */;
			path = Player.xcdatamodeld;
			sourceTree = "<group>";
			versionGroupType = wrapper.xcdatamodel;
		};
/* End XCVersionGroup section */
	};
	rootObject = FABBBA72225FE9E200245E00 /* Project object */;
}
