// !$*UTF8*$!
{
	archiveVersion = 1;
	classes = {
	};
	objectVersion = 50;
	objects = {

/* Begin PBXBuildFile section */
		FA0CE5682291C4940069E8CA /* TileDelegate.swift in Sources */ = {isa = PBXBuildFile; fileRef = FA0CE5672291C4940069E8CA /* TileDelegate.swift */; };
		FA0CE57222920DAE0069E8CA /* Field+TileDelegate.swift in Sources */ = {isa = PBXBuildFile; fileRef = FA0CE57122920DAE0069E8CA /* Field+TileDelegate.swift */; };
		FA0CE574229211BC0069E8CA /* Field+TileAnimation.swift in Sources */ = {isa = PBXBuildFile; fileRef = FA0CE573229211BC0069E8CA /* Field+TileAnimation.swift */; };
		FA0D9D3A226B16B0005C4AE2 /* OptionMenuView.swift in Sources */ = {isa = PBXBuildFile; fileRef = FA0D9D39226B16B0005C4AE2 /* OptionMenuView.swift */; };
		FA0D9D3E226B16BF005C4AE2 /* OptionMenuController.swift in Sources */ = {isa = PBXBuildFile; fileRef = FA0D9D3D226B16BF005C4AE2 /* OptionMenuController.swift */; };
		FA0D9D4C226B3547005C4AE2 /* Scene.swift in Sources */ = {isa = PBXBuildFile; fileRef = FA0D9D4B226B3547005C4AE2 /* Scene.swift */; };
		FA0EA616228434B200D501BC /* SettingsService.swift in Sources */ = {isa = PBXBuildFile; fileRef = FA0EA615228434B200D501BC /* SettingsService.swift */; };
		FA0EA63222843F2800D501BC /* SettingsData.xcdatamodeld in Sources */ = {isa = PBXBuildFile; fileRef = FA0EA63022843F2800D501BC /* SettingsData.xcdatamodeld */; };
		FA0EA63D228444AC00D501BC /* Settings+CoreDataClass.swift in Sources */ = {isa = PBXBuildFile; fileRef = FA0EA63B228444AC00D501BC /* Settings+CoreDataClass.swift */; };
		FA0EA63E228444AC00D501BC /* Settings+CoreDataProperties.swift in Sources */ = {isa = PBXBuildFile; fileRef = FA0EA63C228444AC00D501BC /* Settings+CoreDataProperties.swift */; };
		FA0EA7C7227B734600661348 /* MenuLib.sks in Resources */ = {isa = PBXBuildFile; fileRef = FA0EA7C6227B734600661348 /* MenuLib.sks */; };
		FA0FEBB222878BD3002F8D68 /* Engine.framework in Frameworks */ = {isa = PBXBuildFile; fileRef = FA85104D22861D4500BECA52 /* Engine.framework */; };
		FA0FEBB322878BD3002F8D68 /* Engine.framework in Embed Frameworks */ = {isa = PBXBuildFile; fileRef = FA85104D22861D4500BECA52 /* Engine.framework */; settings = {ATTRIBUTES = (CodeSignOnCopy, RemoveHeadersOnCopy, ); }; };
		FA0FEBB722878BD7002F8D68 /* UI.framework in Frameworks */ = {isa = PBXBuildFile; fileRef = FAEE9AB322838ABA008BC058 /* UI.framework */; };
		FA0FEBB822878BD7002F8D68 /* UI.framework in Embed Frameworks */ = {isa = PBXBuildFile; fileRef = FAEE9AB322838ABA008BC058 /* UI.framework */; settings = {ATTRIBUTES = (CodeSignOnCopy, RemoveHeadersOnCopy, ); }; };
		FA1172AC22820FCF00E28C46 /* SceneField.sks in Resources */ = {isa = PBXBuildFile; fileRef = FA1172AA22820FCF00E28C46 /* SceneField.sks */; };
		FA131D8C226A44C800DCD0E8 /* EndGameMenuScene.sks in Resources */ = {isa = PBXBuildFile; fileRef = FA131D89226A44C800DCD0E8 /* EndGameMenuScene.sks */; };
		FA131D8E226A4B2100DCD0E8 /* LevelsMenuScene.sks in Resources */ = {isa = PBXBuildFile; fileRef = FA131D8D226A4B2100DCD0E8 /* LevelsMenuScene.sks */; };
		FA181807226C76E700FAA415 /* BlocksMenuScene.sks in Resources */ = {isa = PBXBuildFile; fileRef = FA181804226C76E700FAA415 /* BlocksMenuScene.sks */; };
		FA18180C226C7C0800FAA415 /* BlocksMenuView.swift in Sources */ = {isa = PBXBuildFile; fileRef = FA18180B226C7C0800FAA415 /* BlocksMenuView.swift */; };
		FA18180E226C7C1700FAA415 /* BlocksMenuController.swift in Sources */ = {isa = PBXBuildFile; fileRef = FA18180D226C7C1700FAA415 /* BlocksMenuController.swift */; };
		FA181811226C7CC900FAA415 /* LevelsMenuView.swift in Sources */ = {isa = PBXBuildFile; fileRef = FA181810226C7CC900FAA415 /* LevelsMenuView.swift */; };
		FA181813226C7CD400FAA415 /* LevelsMenuController.swift in Sources */ = {isa = PBXBuildFile; fileRef = FA181812226C7CD400FAA415 /* LevelsMenuController.swift */; };
		FA22FA66226284F000880A2B /* MainMenuScene.sks in Resources */ = {isa = PBXBuildFile; fileRef = FA22FA65226284F000880A2B /* MainMenuScene.sks */; };
		FA3923BD227CD9B00049791B /* SceneFieldView.swift in Sources */ = {isa = PBXBuildFile; fileRef = FA3923BC227CD9B00049791B /* SceneFieldView.swift */; };
		FA3923BF227CD9BF0049791B /* SceneFieldController.swift in Sources */ = {isa = PBXBuildFile; fileRef = FA3923BE227CD9BF0049791B /* SceneFieldController.swift */; };
		FA3923C4227CDAE20049791B /* StarsField.swift in Sources */ = {isa = PBXBuildFile; fileRef = FA3923C3227CDAE20049791B /* StarsField.swift */; };
		FA3923C6227CDB4D0049791B /* PointsField.swift in Sources */ = {isa = PBXBuildFile; fileRef = FA3923C5227CDB4D0049791B /* PointsField.swift */; };
		FA3923C8227CDBD30049791B /* TopMenuField.swift in Sources */ = {isa = PBXBuildFile; fileRef = FA3923C7227CDBD30049791B /* TopMenuField.swift */; };
		FA78CF72227A06A700383F65 /* Localizable.strings in Resources */ = {isa = PBXBuildFile; fileRef = FA78CF74227A06A700383F65 /* Localizable.strings */; };
		FA859440226E75CC00E9C73E /* MenuConfigService.swift in Sources */ = {isa = PBXBuildFile; fileRef = FA85943F226E75CC00E9C73E /* MenuConfigService.swift */; };
		FA859442226E763800E9C73E /* MenuConfigModel.swift in Sources */ = {isa = PBXBuildFile; fileRef = FA859441226E763800E9C73E /* MenuConfigModel.swift */; };
		FA859444226E76AE00E9C73E /* MenuConfig.plist in Resources */ = {isa = PBXBuildFile; fileRef = FA859443226E76AE00E9C73E /* MenuConfig.plist */; };
		FAA008CC226CD1A7006E784B /* BlockMenuRenderer.swift in Sources */ = {isa = PBXBuildFile; fileRef = FAA008CB226CD1A7006E784B /* BlockMenuRenderer.swift */; };
		FAA008CE226CD1D7006E784B /* LevelMenuRenderer.swift in Sources */ = {isa = PBXBuildFile; fileRef = FAA008CD226CD1D7006E784B /* LevelMenuRenderer.swift */; };
		FAA95AE1228F4EE400A0C6E6 /* Field.swift in Sources */ = {isa = PBXBuildFile; fileRef = FAA95AE0228F4EE400A0C6E6 /* Field.swift */; };
		FAA95AE4228F684A00A0C6E6 /* SceneLib.sks in Resources */ = {isa = PBXBuildFile; fileRef = FAA95AE3228F684A00A0C6E6 /* SceneLib.sks */; };
		FAA95AE6228F73E000A0C6E6 /* Tile.swift in Sources */ = {isa = PBXBuildFile; fileRef = FAA95AE5228F73E000A0C6E6 /* Tile.swift */; };
		FAA95AE8228F7FEE00A0C6E6 /* Field+EngineDelegate.swift in Sources */ = {isa = PBXBuildFile; fileRef = FAA95AE7228F7FEE00A0C6E6 /* Field+EngineDelegate.swift */; };
		FAA95AEB228F843700A0C6E6 /* CacheTile.swift in Sources */ = {isa = PBXBuildFile; fileRef = FAA95AEA228F843700A0C6E6 /* CacheTile.swift */; };
		FAA95AEF228F8A0600A0C6E6 /* Field+Field.swift in Sources */ = {isa = PBXBuildFile; fileRef = FAA95AEE228F8A0600A0C6E6 /* Field+Field.swift */; };
		FAA95AF1228F8ACD00A0C6E6 /* Field+Debug.swift in Sources */ = {isa = PBXBuildFile; fileRef = FAA95AF0228F8ACD00A0C6E6 /* Field+Debug.swift */; };
		FABBBA7E225FE9E200245E00 /* AppDelegate.swift in Sources */ = {isa = PBXBuildFile; fileRef = FABBBA7D225FE9E200245E00 /* AppDelegate.swift */; };
		FABBBA82225FE9E200245E00 /* Actions.sks in Resources */ = {isa = PBXBuildFile; fileRef = FABBBA81225FE9E200245E00 /* Actions.sks */; };
		FABBBA84225FE9E200245E00 /* GameScene.swift in Sources */ = {isa = PBXBuildFile; fileRef = FABBBA83225FE9E200245E00 /* GameScene.swift */; };
		FABBBA86225FE9E200245E00 /* GameViewController.swift in Sources */ = {isa = PBXBuildFile; fileRef = FABBBA85225FE9E200245E00 /* GameViewController.swift */; };
		FABBBA89225FE9E200245E00 /* Main.storyboard in Resources */ = {isa = PBXBuildFile; fileRef = FABBBA87225FE9E200245E00 /* Main.storyboard */; };
		FABBBA8B225FE9E300245E00 /* Assets.xcassets in Resources */ = {isa = PBXBuildFile; fileRef = FABBBA8A225FE9E300245E00 /* Assets.xcassets */; };
		FABBBA8E225FE9E300245E00 /* LaunchScreen.storyboard in Resources */ = {isa = PBXBuildFile; fileRef = FABBBA8C225FE9E300245E00 /* LaunchScreen.storyboard */; };
		FAD8EF49226516F000D775FC /* MainMenuView.swift in Sources */ = {isa = PBXBuildFile; fileRef = FAD8EF48226516F000D775FC /* MainMenuView.swift */; };
		FAEF1844226624550071E050 /* MainMenuController.swift in Sources */ = {isa = PBXBuildFile; fileRef = FAEF1843226624550071E050 /* MainMenuController.swift */; };
		FAEF184A22667B2D0071E050 /* OptionsMenuScene.sks in Resources */ = {isa = PBXBuildFile; fileRef = FAEF184922667B2D0071E050 /* OptionsMenuScene.sks */; };
/* End PBXBuildFile section */

/* Begin PBXContainerItemProxy section */
		FA0FEBB422878BD3002F8D68 /* PBXContainerItemProxy */ = {
			isa = PBXContainerItemProxy;
			containerPortal = FA85103C2286189C00BECA52 /* Engine.xcodeproj */;
			proxyType = 1;
			remoteGlobalIDString = FA8593E6226DD4C500E9C73E;
			remoteInfo = Engine;
		};
		FA0FEBB922878BD7002F8D68 /* PBXContainerItemProxy */ = {
			isa = PBXContainerItemProxy;
			containerPortal = FAEE9AAE22838ABA008BC058 /* UI.xcodeproj */;
			proxyType = 1;
			remoteGlobalIDString = FAEE9AA222838A90008BC058;
			remoteInfo = UI;
		};
		FA85104C22861D4500BECA52 /* PBXContainerItemProxy */ = {
			isa = PBXContainerItemProxy;
			containerPortal = FA85103C2286189C00BECA52 /* Engine.xcodeproj */;
			proxyType = 2;
			remoteGlobalIDString = FA8593E7226DD4C500E9C73E;
			remoteInfo = Engine;
		};
		FAEE9AB222838ABA008BC058 /* PBXContainerItemProxy */ = {
			isa = PBXContainerItemProxy;
			containerPortal = FAEE9AAE22838ABA008BC058 /* UI.xcodeproj */;
			proxyType = 2;
			remoteGlobalIDString = FAEE9AA322838A90008BC058;
			remoteInfo = UI;
		};
/* End PBXContainerItemProxy section */

/* Begin PBXCopyFilesBuildPhase section */
		FA0FEBB622878BD3002F8D68 /* Embed Frameworks */ = {
			isa = PBXCopyFilesBuildPhase;
			buildActionMask = 2147483647;
			dstPath = "";
			dstSubfolderSpec = 10;
			files = (
				FA0FEBB822878BD7002F8D68 /* UI.framework in Embed Frameworks */,
				FA0FEBB322878BD3002F8D68 /* Engine.framework in Embed Frameworks */,
			);
			name = "Embed Frameworks";
			runOnlyForDeploymentPostprocessing = 0;
		};
/* End PBXCopyFilesBuildPhase section */

/* Begin PBXFileReference section */
		3EE08314CE6BC6BFE12AD216 /* Pods-Tenner.release.xcconfig */ = {isa = PBXFileReference; includeInIndex = 1; lastKnownFileType = text.xcconfig; name = "Pods-Tenner.release.xcconfig"; path = "Target Support Files/Pods-Tenner/Pods-Tenner.release.xcconfig"; sourceTree = "<group>"; };
		417E76959DAE707883D3E7BA /* Pods_Tenner.framework */ = {isa = PBXFileReference; explicitFileType = wrapper.framework; includeInIndex = 0; path = Pods_Tenner.framework; sourceTree = BUILT_PRODUCTS_DIR; };
		FA0CE5672291C4940069E8CA /* TileDelegate.swift */ = {isa = PBXFileReference; lastKnownFileType = sourcecode.swift; path = TileDelegate.swift; sourceTree = "<group>"; };
		FA0CE57122920DAE0069E8CA /* Field+TileDelegate.swift */ = {isa = PBXFileReference; lastKnownFileType = sourcecode.swift; path = "Field+TileDelegate.swift"; sourceTree = "<group>"; };
		FA0CE573229211BC0069E8CA /* Field+TileAnimation.swift */ = {isa = PBXFileReference; lastKnownFileType = sourcecode.swift; path = "Field+TileAnimation.swift"; sourceTree = "<group>"; };
		FA0D9D39226B16B0005C4AE2 /* OptionMenuView.swift */ = {isa = PBXFileReference; lastKnownFileType = sourcecode.swift; path = OptionMenuView.swift; sourceTree = "<group>"; };
		FA0D9D3D226B16BF005C4AE2 /* OptionMenuController.swift */ = {isa = PBXFileReference; lastKnownFileType = sourcecode.swift; path = OptionMenuController.swift; sourceTree = "<group>"; };
		FA0D9D4B226B3547005C4AE2 /* Scene.swift */ = {isa = PBXFileReference; lastKnownFileType = sourcecode.swift; path = Scene.swift; sourceTree = "<group>"; };
		FA0EA615228434B200D501BC /* SettingsService.swift */ = {isa = PBXFileReference; lastKnownFileType = sourcecode.swift; path = SettingsService.swift; sourceTree = "<group>"; };
		FA0EA63122843F2800D501BC /* SettingsData.xcdatamodel */ = {isa = PBXFileReference; lastKnownFileType = wrapper.xcdatamodel; path = SettingsData.xcdatamodel; sourceTree = "<group>"; };
		FA0EA63B228444AC00D501BC /* Settings+CoreDataClass.swift */ = {isa = PBXFileReference; lastKnownFileType = sourcecode.swift; path = "Settings+CoreDataClass.swift"; sourceTree = "<group>"; };
		FA0EA63C228444AC00D501BC /* Settings+CoreDataProperties.swift */ = {isa = PBXFileReference; lastKnownFileType = sourcecode.swift; path = "Settings+CoreDataProperties.swift"; sourceTree = "<group>"; };
		FA0EA7C6227B734600661348 /* MenuLib.sks */ = {isa = PBXFileReference; lastKnownFileType = file.sks; path = MenuLib.sks; sourceTree = "<group>"; };
		FA1172AA22820FCF00E28C46 /* SceneField.sks */ = {isa = PBXFileReference; lastKnownFileType = file.sks; path = SceneField.sks; sourceTree = "<group>"; };
		FA131D89226A44C800DCD0E8 /* EndGameMenuScene.sks */ = {isa = PBXFileReference; lastKnownFileType = file.sks; path = EndGameMenuScene.sks; sourceTree = "<group>"; };
		FA131D8D226A4B2100DCD0E8 /* LevelsMenuScene.sks */ = {isa = PBXFileReference; lastKnownFileType = file.sks; path = LevelsMenuScene.sks; sourceTree = "<group>"; };
		FA181804226C76E700FAA415 /* BlocksMenuScene.sks */ = {isa = PBXFileReference; lastKnownFileType = file.sks; path = BlocksMenuScene.sks; sourceTree = "<group>"; };
		FA18180B226C7C0800FAA415 /* BlocksMenuView.swift */ = {isa = PBXFileReference; lastKnownFileType = sourcecode.swift; path = BlocksMenuView.swift; sourceTree = "<group>"; };
		FA18180D226C7C1700FAA415 /* BlocksMenuController.swift */ = {isa = PBXFileReference; lastKnownFileType = sourcecode.swift; path = BlocksMenuController.swift; sourceTree = "<group>"; };
		FA181810226C7CC900FAA415 /* LevelsMenuView.swift */ = {isa = PBXFileReference; lastKnownFileType = sourcecode.swift; path = LevelsMenuView.swift; sourceTree = "<group>"; };
		FA181812226C7CD400FAA415 /* LevelsMenuController.swift */ = {isa = PBXFileReference; lastKnownFileType = sourcecode.swift; path = LevelsMenuController.swift; sourceTree = "<group>"; };
		FA22FA65226284F000880A2B /* MainMenuScene.sks */ = {isa = PBXFileReference; lastKnownFileType = file.sks; path = MainMenuScene.sks; sourceTree = "<group>"; };
		FA3923BC227CD9B00049791B /* SceneFieldView.swift */ = {isa = PBXFileReference; lastKnownFileType = sourcecode.swift; path = SceneFieldView.swift; sourceTree = "<group>"; };
		FA3923BE227CD9BF0049791B /* SceneFieldController.swift */ = {isa = PBXFileReference; lastKnownFileType = sourcecode.swift; path = SceneFieldController.swift; sourceTree = "<group>"; };
		FA3923C3227CDAE20049791B /* StarsField.swift */ = {isa = PBXFileReference; lastKnownFileType = sourcecode.swift; path = StarsField.swift; sourceTree = "<group>"; };
		FA3923C5227CDB4D0049791B /* PointsField.swift */ = {isa = PBXFileReference; lastKnownFileType = sourcecode.swift; path = PointsField.swift; sourceTree = "<group>"; };
		FA3923C7227CDBD30049791B /* TopMenuField.swift */ = {isa = PBXFileReference; lastKnownFileType = sourcecode.swift; path = TopMenuField.swift; sourceTree = "<group>"; };
		FA78CF64227A04B500383F65 /* uk */ = {isa = PBXFileReference; lastKnownFileType = text.plist.strings; name = uk; path = uk.lproj/Main.strings; sourceTree = "<group>"; };
		FA78CF65227A04B500383F65 /* uk */ = {isa = PBXFileReference; lastKnownFileType = text.plist.strings; name = uk; path = uk.lproj/LaunchScreen.strings; sourceTree = "<group>"; };
		FA78CF73227A06A700383F65 /* en */ = {isa = PBXFileReference; lastKnownFileType = text.plist.strings; name = en; path = en.lproj/Localizable.strings; sourceTree = "<group>"; };
		FA78CF75227A06A800383F65 /* uk */ = {isa = PBXFileReference; lastKnownFileType = text.plist.strings; name = uk; path = uk.lproj/Localizable.strings; sourceTree = "<group>"; };
		FA85103C2286189C00BECA52 /* Engine.xcodeproj */ = {isa = PBXFileReference; lastKnownFileType = "wrapper.pb-project"; name = Engine.xcodeproj; path = ../Engine.xcodeproj; sourceTree = "<group>"; };
		FA85943F226E75CC00E9C73E /* MenuConfigService.swift */ = {isa = PBXFileReference; lastKnownFileType = sourcecode.swift; path = MenuConfigService.swift; sourceTree = "<group>"; };
		FA859441226E763800E9C73E /* MenuConfigModel.swift */ = {isa = PBXFileReference; lastKnownFileType = sourcecode.swift; path = MenuConfigModel.swift; sourceTree = "<group>"; };
		FA859443226E76AE00E9C73E /* MenuConfig.plist */ = {isa = PBXFileReference; fileEncoding = 4; lastKnownFileType = text.plist.xml; path = MenuConfig.plist; sourceTree = "<group>"; };
		FAA008CB226CD1A7006E784B /* BlockMenuRenderer.swift */ = {isa = PBXFileReference; lastKnownFileType = sourcecode.swift; path = BlockMenuRenderer.swift; sourceTree = "<group>"; };
		FAA008CD226CD1D7006E784B /* LevelMenuRenderer.swift */ = {isa = PBXFileReference; lastKnownFileType = sourcecode.swift; path = LevelMenuRenderer.swift; sourceTree = "<group>"; };
		FAA95AE0228F4EE400A0C6E6 /* Field.swift */ = {isa = PBXFileReference; lastKnownFileType = sourcecode.swift; path = Field.swift; sourceTree = "<group>"; };
		FAA95AE3228F684A00A0C6E6 /* SceneLib.sks */ = {isa = PBXFileReference; lastKnownFileType = file.sks; path = SceneLib.sks; sourceTree = "<group>"; };
		FAA95AE5228F73E000A0C6E6 /* Tile.swift */ = {isa = PBXFileReference; lastKnownFileType = sourcecode.swift; path = Tile.swift; sourceTree = "<group>"; };
		FAA95AE7228F7FEE00A0C6E6 /* Field+EngineDelegate.swift */ = {isa = PBXFileReference; lastKnownFileType = sourcecode.swift; path = "Field+EngineDelegate.swift"; sourceTree = "<group>"; };
		FAA95AEA228F843700A0C6E6 /* CacheTile.swift */ = {isa = PBXFileReference; lastKnownFileType = sourcecode.swift; path = CacheTile.swift; sourceTree = "<group>"; };
		FAA95AEE228F8A0600A0C6E6 /* Field+Field.swift */ = {isa = PBXFileReference; lastKnownFileType = sourcecode.swift; path = "Field+Field.swift"; sourceTree = "<group>"; };
		FAA95AF0228F8ACD00A0C6E6 /* Field+Debug.swift */ = {isa = PBXFileReference; lastKnownFileType = sourcecode.swift; path = "Field+Debug.swift"; sourceTree = "<group>"; };
		FABBBA7A225FE9E200245E00 /* Tenner.app */ = {isa = PBXFileReference; explicitFileType = wrapper.application; includeInIndex = 0; path = Tenner.app; sourceTree = BUILT_PRODUCTS_DIR; };
		FABBBA7D225FE9E200245E00 /* AppDelegate.swift */ = {isa = PBXFileReference; lastKnownFileType = sourcecode.swift; path = AppDelegate.swift; sourceTree = "<group>"; };
		FABBBA81225FE9E200245E00 /* Actions.sks */ = {isa = PBXFileReference; lastKnownFileType = file.sks; path = Actions.sks; sourceTree = "<group>"; };
		FABBBA83225FE9E200245E00 /* GameScene.swift */ = {isa = PBXFileReference; lastKnownFileType = sourcecode.swift; path = GameScene.swift; sourceTree = "<group>"; };
		FABBBA85225FE9E200245E00 /* GameViewController.swift */ = {isa = PBXFileReference; lastKnownFileType = sourcecode.swift; path = GameViewController.swift; sourceTree = "<group>"; };
		FABBBA88225FE9E200245E00 /* Base */ = {isa = PBXFileReference; lastKnownFileType = file.storyboard; name = Base; path = Base.lproj/Main.storyboard; sourceTree = "<group>"; };
		FABBBA8A225FE9E300245E00 /* Assets.xcassets */ = {isa = PBXFileReference; lastKnownFileType = folder.assetcatalog; path = Assets.xcassets; sourceTree = "<group>"; };
		FABBBA8D225FE9E300245E00 /* Base */ = {isa = PBXFileReference; lastKnownFileType = file.storyboard; name = Base; path = Base.lproj/LaunchScreen.storyboard; sourceTree = "<group>"; };
		FABBBA8F225FE9E300245E00 /* Info.plist */ = {isa = PBXFileReference; lastKnownFileType = text.plist.xml; path = Info.plist; sourceTree = "<group>"; };
		FAD8EF48226516F000D775FC /* MainMenuView.swift */ = {isa = PBXFileReference; lastKnownFileType = sourcecode.swift; name = MainMenuView.swift; path = Tenner/scene/mainMenu/MainMenuView.swift; sourceTree = SOURCE_ROOT; };
		FAEE9AAE22838ABA008BC058 /* UI.xcodeproj */ = {isa = PBXFileReference; lastKnownFileType = "wrapper.pb-project"; path = UI.xcodeproj; sourceTree = SOURCE_ROOT; };
		FAEF1843226624550071E050 /* MainMenuController.swift */ = {isa = PBXFileReference; lastKnownFileType = sourcecode.swift; path = MainMenuController.swift; sourceTree = "<group>"; };
		FAEF184922667B2D0071E050 /* OptionsMenuScene.sks */ = {isa = PBXFileReference; lastKnownFileType = file.sks; path = OptionsMenuScene.sks; sourceTree = "<group>"; };
		FFBD338D091CCAFC6D3F3C57 /* Pods-Tenner.debug.xcconfig */ = {isa = PBXFileReference; includeInIndex = 1; lastKnownFileType = text.xcconfig; name = "Pods-Tenner.debug.xcconfig"; path = "Target Support Files/Pods-Tenner/Pods-Tenner.debug.xcconfig"; sourceTree = "<group>"; };
/* End PBXFileReference section */

/* Begin PBXFrameworksBuildPhase section */
		FABBBA77225FE9E200245E00 /* Frameworks */ = {
			isa = PBXFrameworksBuildPhase;
			buildActionMask = 2147483647;
			files = (
				FA0FEBB722878BD7002F8D68 /* UI.framework in Frameworks */,
				FA0FEBB222878BD3002F8D68 /* Engine.framework in Frameworks */,
			);
			runOnlyForDeploymentPostprocessing = 0;
		};
/* End PBXFrameworksBuildPhase section */

/* Begin PBXGroup section */
		8A2AF6E04160BA16B8BFA42A /* Pods */ = {
			isa = PBXGroup;
			children = (
				FFBD338D091CCAFC6D3F3C57 /* Pods-Tenner.debug.xcconfig */,
				3EE08314CE6BC6BFE12AD216 /* Pods-Tenner.release.xcconfig */,
			);
			path = Pods;
			sourceTree = "<group>";
		};
		FA0D9D41226B1E21005C4AE2 /* scenes */ = {
			isa = PBXGroup;
			children = (
				FA0D9D4B226B3547005C4AE2 /* Scene.swift */,
			);
			path = scenes;
			sourceTree = "<group>";
		};
		FA0EA60C228431F600D501BC /* coreData */ = {
			isa = PBXGroup;
			children = (
				FA0EA63B228444AC00D501BC /* Settings+CoreDataClass.swift */,
				FA0EA63C228444AC00D501BC /* Settings+CoreDataProperties.swift */,
			);
			path = coreData;
			sourceTree = "<group>";
		};
		FA0EA6172284353C00D501BC /* settings */ = {
			isa = PBXGroup;
			children = (
				FA0EA615228434B200D501BC /* SettingsService.swift */,
			);
			path = settings;
			sourceTree = "<group>";
		};
		FA131D8F226A504600DCD0E8 /* assets */ = {
			isa = PBXGroup;
			children = (
				FA0EA7C6227B734600661348 /* MenuLib.sks */,
				FAA95AE3228F684A00A0C6E6 /* SceneLib.sks */,
			);
			path = assets;
			sourceTree = "<group>";
		};
		FA18180A226C792200FAA415 /* blockMenu */ = {
			isa = PBXGroup;
			children = (
				FA18180B226C7C0800FAA415 /* BlocksMenuView.swift */,
				FA18180D226C7C1700FAA415 /* BlocksMenuController.swift */,
			);
			path = blockMenu;
			sourceTree = "<group>";
		};
		FA18180F226C7CAE00FAA415 /* levelsMenu */ = {
			isa = PBXGroup;
			children = (
				FA181810226C7CC900FAA415 /* LevelsMenuView.swift */,
				FA181812226C7CD400FAA415 /* LevelsMenuController.swift */,
			);
			path = levelsMenu;
			sourceTree = "<group>";
		};
		FA22FA642262835E00880A2B /* scenes */ = {
			isa = PBXGroup;
			children = (
				FA131D8F226A504600DCD0E8 /* assets */,
				FA22FA65226284F000880A2B /* MainMenuScene.sks */,
				FAEF184922667B2D0071E050 /* OptionsMenuScene.sks */,
				FA131D89226A44C800DCD0E8 /* EndGameMenuScene.sks */,
				FA131D8D226A4B2100DCD0E8 /* LevelsMenuScene.sks */,
				FA181804226C76E700FAA415 /* BlocksMenuScene.sks */,
				FA1172AA22820FCF00E28C46 /* SceneField.sks */,
			);
			path = scenes;
			sourceTree = "<group>";
		};
		FA3923BB227CD9910049791B /* sceneField */ = {
			isa = PBXGroup;
			children = (
				FAA95ADE228F4EC500A0C6E6 /* numbers */,
				FA3923BC227CD9B00049791B /* SceneFieldView.swift */,
				FA3923BE227CD9BF0049791B /* SceneFieldController.swift */,
			);
			path = sceneField;
			sourceTree = "<group>";
		};
		FA3923C0227CDA4A0049791B /* sceneField */ = {
			isa = PBXGroup;
			children = (
				FA3923C3227CDAE20049791B /* StarsField.swift */,
				FA3923C5227CDB4D0049791B /* PointsField.swift */,
				FA3923C7227CDBD30049791B /* TopMenuField.swift */,
			);
			path = sceneField;
			sourceTree = "<group>";
		};
		FA7AA1F82265061F00D394F5 /* Frameworks */ = {
			isa = PBXGroup;
			children = (
				417E76959DAE707883D3E7BA /* Pods_Tenner.framework */,
			);
			name = Frameworks;
			sourceTree = "<group>";
		};
		FA85104922861D4500BECA52 /* Products */ = {
			isa = PBXGroup;
			children = (
				FA85104D22861D4500BECA52 /* Engine.framework */,
			);
			name = Products;
			sourceTree = "<group>";
		};
		FA859412226DD9B900E9C73E /* data */ = {
			isa = PBXGroup;
			children = (
				FA859443226E76AE00E9C73E /* MenuConfig.plist */,
				FA0EA63022843F2800D501BC /* SettingsData.xcdatamodeld */,
			);
			path = data;
			sourceTree = "<group>";
		};
		FA85941A226DE56800E9C73E /* model */ = {
			isa = PBXGroup;
			children = (
				FA0EA60C228431F600D501BC /* coreData */,
				FA859441226E763800E9C73E /* MenuConfigModel.swift */,
			);
			path = model;
			sourceTree = "<group>";
		};
		FA859422226DEAA600E9C73E /* configuration */ = {
			isa = PBXGroup;
			children = (
				FA85943F226E75CC00E9C73E /* MenuConfigService.swift */,
			);
			path = configuration;
			sourceTree = "<group>";
		};
		FAA008CF226CD1F9006E784B /* menu */ = {
			isa = PBXGroup;
			children = (
				FAA008CB226CD1A7006E784B /* BlockMenuRenderer.swift */,
				FAA008CD226CD1D7006E784B /* LevelMenuRenderer.swift */,
			);
			path = menu;
			sourceTree = "<group>";
		};
		FAA95ADE228F4EC500A0C6E6 /* numbers */ = {
			isa = PBXGroup;
			children = (
				FAA95AE9228F841D00A0C6E6 /* utils */,
				FAA95AE2228F5E3700A0C6E6 /* tile */,
				FAA95ADF228F4ED400A0C6E6 /* field */,
			);
			path = numbers;
			sourceTree = "<group>";
		};
		FAA95ADF228F4ED400A0C6E6 /* field */ = {
			isa = PBXGroup;
			children = (
				FAA95AE0228F4EE400A0C6E6 /* Field.swift */,
				FAA95AEE228F8A0600A0C6E6 /* Field+Field.swift */,
				FAA95AF0228F8ACD00A0C6E6 /* Field+Debug.swift */,
				FAA95AE7228F7FEE00A0C6E6 /* Field+EngineDelegate.swift */,
				FA0CE57122920DAE0069E8CA /* Field+TileDelegate.swift */,
				FA0CE573229211BC0069E8CA /* Field+TileAnimation.swift */,
			);
			path = field;
			sourceTree = "<group>";
		};
		FAA95AE2228F5E3700A0C6E6 /* tile */ = {
			isa = PBXGroup;
			children = (
				FAA95AE5228F73E000A0C6E6 /* Tile.swift */,
				FA0CE5672291C4940069E8CA /* TileDelegate.swift */,
			);
			path = tile;
			sourceTree = "<group>";
		};
		FAA95AE9228F841D00A0C6E6 /* utils */ = {
			isa = PBXGroup;
			children = (
				FAA95AEA228F843700A0C6E6 /* CacheTile.swift */,
			);
			path = utils;
			sourceTree = "<group>";
		};
		FABBBA71225FE9E200245E00 = {
			isa = PBXGroup;
			children = (
				FABBBA7C225FE9E200245E00 /* Tenner */,
				FABBBA7B225FE9E200245E00 /* Products */,
				FA7AA1F82265061F00D394F5 /* Frameworks */,
				8A2AF6E04160BA16B8BFA42A /* Pods */,
			);
			sourceTree = "<group>";
		};
		FABBBA7B225FE9E200245E00 /* Products */ = {
			isa = PBXGroup;
			children = (
				FABBBA7A225FE9E200245E00 /* Tenner.app */,
			);
			name = Products;
			sourceTree = "<group>";
		};
		FABBBA7C225FE9E200245E00 /* Tenner */ = {
			isa = PBXGroup;
			children = (
				FAEF1820226601960071E050 /* Content */,
				FAFB10F92264F9E400072C5A /* ui */,
				FA85941A226DE56800E9C73E /* model */,
				FAEF183E2266233F0071E050 /* scene */,
				FAEF183F226623510071E050 /* service */,
				FABBBA7D225FE9E200245E00 /* AppDelegate.swift */,
				FABBBA85225FE9E200245E00 /* GameViewController.swift */,
				FABBBA8F225FE9E300245E00 /* Info.plist */,
				FAEE9AAE22838ABA008BC058 /* UI.xcodeproj */,
				FA85103C2286189C00BECA52 /* Engine.xcodeproj */,
			);
			path = Tenner;
			sourceTree = "<group>";
		};
		FABBBA95225FEA5700245E00 /* storyboard */ = {
			isa = PBXGroup;
			children = (
				FABBBA87225FE9E200245E00 /* Main.storyboard */,
				FABBBA8C225FE9E300245E00 /* LaunchScreen.storyboard */,
			);
			path = storyboard;
			sourceTree = "<group>";
		};
		FAEE9AAF22838ABA008BC058 /* Products */ = {
			isa = PBXGroup;
			children = (
				FAEE9AB322838ABA008BC058 /* UI.framework */,
			);
			name = Products;
			sourceTree = "<group>";
		};
		FAEF1820226601960071E050 /* Content */ = {
			isa = PBXGroup;
			children = (
				FABBBA8A225FE9E300245E00 /* Assets.xcassets */,
				FABBBA81225FE9E200245E00 /* Actions.sks */,
				FA859412226DD9B900E9C73E /* data */,
				FA22FA642262835E00880A2B /* scenes */,
				FABBBA95225FEA5700245E00 /* storyboard */,
				FA78CF74227A06A700383F65 /* Localizable.strings */,
			);
			path = Content;
			sourceTree = "<group>";
		};
		FAEF183E2266233F0071E050 /* scene */ = {
			isa = PBXGroup;
			children = (
				FAEF1840226623740071E050 /* mainMenu */,
				FAEF18412266242A0071E050 /* optionMenu */,
				FA18180A226C792200FAA415 /* blockMenu */,
				FA18180F226C7CAE00FAA415 /* levelsMenu */,
				FA3923BB227CD9910049791B /* sceneField */,
				FABBBA83225FE9E200245E00 /* GameScene.swift */,
			);
			path = scene;
			sourceTree = "<group>";
		};
		FAEF183F226623510071E050 /* service */ = {
			isa = PBXGroup;
			children = (
				FA0EA6172284353C00D501BC /* settings */,
				FA859422226DEAA600E9C73E /* configuration */,
				FA0D9D41226B1E21005C4AE2 /* scenes */,
			);
			path = service;
			sourceTree = "<group>";
		};
		FAEF1840226623740071E050 /* mainMenu */ = {
			isa = PBXGroup;
			children = (
				FAD8EF48226516F000D775FC /* MainMenuView.swift */,
				FAEF1843226624550071E050 /* MainMenuController.swift */,
			);
			path = mainMenu;
			sourceTree = "<group>";
		};
		FAEF18412266242A0071E050 /* optionMenu */ = {
			isa = PBXGroup;
			children = (
				FA0D9D39226B16B0005C4AE2 /* OptionMenuView.swift */,
				FA0D9D3D226B16BF005C4AE2 /* OptionMenuController.swift */,
			);
			path = optionMenu;
			sourceTree = "<group>";
		};
		FAFB10F92264F9E400072C5A /* ui */ = {
			isa = PBXGroup;
			children = (
				FAA008CF226CD1F9006E784B /* menu */,
				FA3923C0227CDA4A0049791B /* sceneField */,
			);
			path = ui;
			sourceTree = "<group>";
		};
/* End PBXGroup section */

/* Begin PBXNativeTarget section */
		FABBBA79225FE9E200245E00 /* Tenner */ = {
			isa = PBXNativeTarget;
			buildConfigurationList = FABBBA92225FE9E300245E00 /* Build configuration list for PBXNativeTarget "Tenner" */;
			buildPhases = (
				296DBDE6A6FBCECBFF0958FB /* [CP] Check Pods Manifest.lock */,
				FABBBA76225FE9E200245E00 /* Sources */,
				FABBBA77225FE9E200245E00 /* Frameworks */,
				FABBBA78225FE9E200245E00 /* Resources */,
				FA0FEBB622878BD3002F8D68 /* Embed Frameworks */,
			);
			buildRules = (
			);
			dependencies = (
				FA0FEBB522878BD3002F8D68 /* PBXTargetDependency */,
				FA0FEBBA22878BD7002F8D68 /* PBXTargetDependency */,
			);
			name = Tenner;
			productName = Tenner;
			productReference = FABBBA7A225FE9E200245E00 /* Tenner.app */;
			productType = "com.apple.product-type.application";
		};
/* End PBXNativeTarget section */

/* Begin PBXProject section */
		FABBBA72225FE9E200245E00 /* Project object */ = {
			isa = PBXProject;
			attributes = {
				LastSwiftUpdateCheck = 1020;
				LastUpgradeCheck = 1020;
				ORGANIZATIONNAME = "Alexey Oleksandrovich";
				TargetAttributes = {
					FABBBA79225FE9E200245E00 = {
						CreatedOnToolsVersion = 10.2;
					};
				};
			};
			buildConfigurationList = FABBBA75225FE9E200245E00 /* Build configuration list for PBXProject "Tenner" */;
			compatibilityVersion = "Xcode 9.3";
			developmentRegion = en;
			hasScannedForEncodings = 0;
			knownRegions = (
				en,
				Base,
				uk,
			);
			mainGroup = FABBBA71225FE9E200245E00;
			productRefGroup = FABBBA7B225FE9E200245E00 /* Products */;
			projectDirPath = "";
			projectReferences = (
				{
					ProductGroup = FA85104922861D4500BECA52 /* Products */;
					ProjectRef = FA85103C2286189C00BECA52 /* Engine.xcodeproj */;
				},
				{
					ProductGroup = FAEE9AAF22838ABA008BC058 /* Products */;
					ProjectRef = FAEE9AAE22838ABA008BC058 /* UI.xcodeproj */;
				},
			);
			projectRoot = "";
			targets = (
				FABBBA79225FE9E200245E00 /* Tenner */,
			);
		};
/* End PBXProject section */

/* Begin PBXReferenceProxy section */
		FA85104D22861D4500BECA52 /* Engine.framework */ = {
			isa = PBXReferenceProxy;
			fileType = wrapper.framework;
			path = Engine.framework;
			remoteRef = FA85104C22861D4500BECA52 /* PBXContainerItemProxy */;
			sourceTree = BUILT_PRODUCTS_DIR;
		};
		FAEE9AB322838ABA008BC058 /* UI.framework */ = {
			isa = PBXReferenceProxy;
			fileType = wrapper.framework;
			path = UI.framework;
			remoteRef = FAEE9AB222838ABA008BC058 /* PBXContainerItemProxy */;
			sourceTree = BUILT_PRODUCTS_DIR;
		};
/* End PBXReferenceProxy section */

/* Begin PBXResourcesBuildPhase section */
		FABBBA78225FE9E200245E00 /* Resources */ = {
			isa = PBXResourcesBuildPhase;
			buildActionMask = 2147483647;
			files = (
				FA78CF72227A06A700383F65 /* Localizable.strings in Resources */,
				FA859444226E76AE00E9C73E /* MenuConfig.plist in Resources */,
				FA131D8E226A4B2100DCD0E8 /* LevelsMenuScene.sks in Resources */,
				FABBBA89225FE9E200245E00 /* Main.storyboard in Resources */,
				FAEF184A22667B2D0071E050 /* OptionsMenuScene.sks in Resources */,
				FA22FA66226284F000880A2B /* MainMenuScene.sks in Resources */,
				FABBBA8B225FE9E300245E00 /* Assets.xcassets in Resources */,
				FABBBA8E225FE9E300245E00 /* LaunchScreen.storyboard in Resources */,
				FA1172AC22820FCF00E28C46 /* SceneField.sks in Resources */,
				FABBBA82225FE9E200245E00 /* Actions.sks in Resources */,
				FAA95AE4228F684A00A0C6E6 /* SceneLib.sks in Resources */,
				FA131D8C226A44C800DCD0E8 /* EndGameMenuScene.sks in Resources */,
				FA0EA7C7227B734600661348 /* MenuLib.sks in Resources */,
				FA181807226C76E700FAA415 /* BlocksMenuScene.sks in Resources */,
			);
			runOnlyForDeploymentPostprocessing = 0;
		};
/* End PBXResourcesBuildPhase section */

/* Begin PBXShellScriptBuildPhase section */
		296DBDE6A6FBCECBFF0958FB /* [CP] Check Pods Manifest.lock */ = {
			isa = PBXShellScriptBuildPhase;
			buildActionMask = 2147483647;
			files = (
			);
			inputFileListPaths = (
			);
			inputPaths = (
				"${PODS_PODFILE_DIR_PATH}/Podfile.lock",
				"${PODS_ROOT}/Manifest.lock",
			);
			name = "[CP] Check Pods Manifest.lock";
			outputFileListPaths = (
			);
			outputPaths = (
				"$(DERIVED_FILE_DIR)/Pods-Tenner-checkManifestLockResult.txt",
			);
			runOnlyForDeploymentPostprocessing = 0;
			shellPath = /bin/sh;
			shellScript = "diff \"${PODS_PODFILE_DIR_PATH}/Podfile.lock\" \"${PODS_ROOT}/Manifest.lock\" > /dev/null\nif [ $? != 0 ] ; then\n    # print error to STDERR\n    echo \"error: The sandbox is not in sync with the Podfile.lock. Run 'pod install' or update your CocoaPods installation.\" >&2\n    exit 1\nfi\n# This output is used by Xcode 'outputs' to avoid re-running this script phase.\necho \"SUCCESS\" > \"${SCRIPT_OUTPUT_FILE_0}\"\n";
			showEnvVarsInLog = 0;
		};
/* End PBXShellScriptBuildPhase section */

/* Begin PBXSourcesBuildPhase section */
		FABBBA76225FE9E200245E00 /* Sources */ = {
			isa = PBXSourcesBuildPhase;
			buildActionMask = 2147483647;
			files = (
				FA0EA616228434B200D501BC /* SettingsService.swift in Sources */,
				FA3923C4227CDAE20049791B /* StarsField.swift in Sources */,
				FABBBA84225FE9E200245E00 /* GameScene.swift in Sources */,
				FA3923BD227CD9B00049791B /* SceneFieldView.swift in Sources */,
				FA0CE57222920DAE0069E8CA /* Field+TileDelegate.swift in Sources */,
				FAEF1844226624550071E050 /* MainMenuController.swift in Sources */,
				FAA95AF1228F8ACD00A0C6E6 /* Field+Debug.swift in Sources */,
				FA0EA63222843F2800D501BC /* SettingsData.xcdatamodeld in Sources */,
				FABBBA86225FE9E200245E00 /* GameViewController.swift in Sources */,
				FA0D9D4C226B3547005C4AE2 /* Scene.swift in Sources */,
				FA0D9D3E226B16BF005C4AE2 /* OptionMenuController.swift in Sources */,
				FA0CE574229211BC0069E8CA /* Field+TileAnimation.swift in Sources */,
				FABBBA7E225FE9E200245E00 /* AppDelegate.swift in Sources */,
				FA0EA63E228444AC00D501BC /* Settings+CoreDataProperties.swift in Sources */,
				FA18180E226C7C1700FAA415 /* BlocksMenuController.swift in Sources */,
				FA181811226C7CC900FAA415 /* LevelsMenuView.swift in Sources */,
				FAA95AE8228F7FEE00A0C6E6 /* Field+EngineDelegate.swift in Sources */,
				FA3923BF227CD9BF0049791B /* SceneFieldController.swift in Sources */,
				FAA95AEB228F843700A0C6E6 /* CacheTile.swift in Sources */,
				FA181813226C7CD400FAA415 /* LevelsMenuController.swift in Sources */,
				FAA95AE6228F73E000A0C6E6 /* Tile.swift in Sources */,
				FAD8EF49226516F000D775FC /* MainMenuView.swift in Sources */,
				FA0EA63D228444AC00D501BC /* Settings+CoreDataClass.swift in Sources */,
				FAA008CC226CD1A7006E784B /* BlockMenuRenderer.swift in Sources */,
				FA0CE5682291C4940069E8CA /* TileDelegate.swift in Sources */,
				FA859440226E75CC00E9C73E /* MenuConfigService.swift in Sources */,
				FAA008CE226CD1D7006E784B /* LevelMenuRenderer.swift in Sources */,
				FAA95AE1228F4EE400A0C6E6 /* Field.swift in Sources */,
				FA3923C6227CDB4D0049791B /* PointsField.swift in Sources */,
				FA18180C226C7C0800FAA415 /* BlocksMenuView.swift in Sources */,
				FA3923C8227CDBD30049791B /* TopMenuField.swift in Sources */,
				FA0D9D3A226B16B0005C4AE2 /* OptionMenuView.swift in Sources */,
				FA859442226E763800E9C73E /* MenuConfigModel.swift in Sources */,
				FAA95AEF228F8A0600A0C6E6 /* Field+Field.swift in Sources */,
			);
			runOnlyForDeploymentPostprocessing = 0;
		};
/* End PBXSourcesBuildPhase section */

/* Begin PBXTargetDependency section */
		FA0FEBB522878BD3002F8D68 /* PBXTargetDependency */ = {
			isa = PBXTargetDependency;
			name = Engine;
			targetProxy = FA0FEBB422878BD3002F8D68 /* PBXContainerItemProxy */;
		};
		FA0FEBBA22878BD7002F8D68 /* PBXTargetDependency */ = {
			isa = PBXTargetDependency;
			name = UI;
			targetProxy = FA0FEBB922878BD7002F8D68 /* PBXContainerItemProxy */;
		};
/* End PBXTargetDependency section */

/* Begin PBXVariantGroup section */
		FA78CF74227A06A700383F65 /* Localizable.strings */ = {
			isa = PBXVariantGroup;
			children = (
				FA78CF73227A06A700383F65 /* en */,
				FA78CF75227A06A800383F65 /* uk */,
			);
			name = Localizable.strings;
			sourceTree = "<group>";
		};
		FABBBA87225FE9E200245E00 /* Main.storyboard */ = {
			isa = PBXVariantGroup;
			children = (
				FABBBA88225FE9E200245E00 /* Base */,
				FA78CF64227A04B500383F65 /* uk */,
			);
			name = Main.storyboard;
			sourceTree = "<group>";
		};
		FABBBA8C225FE9E300245E00 /* LaunchScreen.storyboard */ = {
			isa = PBXVariantGroup;
			children = (
				FABBBA8D225FE9E300245E00 /* Base */,
				FA78CF65227A04B500383F65 /* uk */,
			);
			name = LaunchScreen.storyboard;
			sourceTree = "<group>";
		};
/* End PBXVariantGroup section */

/* Begin XCBuildConfiguration section */
		FABBBA90225FE9E300245E00 /* Debug */ = {
			isa = XCBuildConfiguration;
			buildSettings = {
				ALWAYS_SEARCH_USER_PATHS = NO;
				CLANG_ANALYZER_LOCALIZABILITY_NONLOCALIZED = YES;
				CLANG_ANALYZER_NONNULL = YES;
				CLANG_ANALYZER_NUMBER_OBJECT_CONVERSION = YES_AGGRESSIVE;
				CLANG_CXX_LANGUAGE_STANDARD = "gnu++14";
				CLANG_CXX_LIBRARY = "libc++";
				CLANG_ENABLE_MODULES = YES;
				CLANG_ENABLE_OBJC_ARC = YES;
				CLANG_ENABLE_OBJC_WEAK = YES;
				CLANG_WARN_BLOCK_CAPTURE_AUTORELEASING = YES;
				CLANG_WARN_BOOL_CONVERSION = YES;
				CLANG_WARN_COMMA = YES;
				CLANG_WARN_CONSTANT_CONVERSION = YES;
				CLANG_WARN_DEPRECATED_OBJC_IMPLEMENTATIONS = YES;
				CLANG_WARN_DIRECT_OBJC_ISA_USAGE = YES_ERROR;
				CLANG_WARN_DOCUMENTATION_COMMENTS = YES;
				CLANG_WARN_EMPTY_BODY = YES;
				CLANG_WARN_ENUM_CONVERSION = YES;
				CLANG_WARN_INFINITE_RECURSION = YES;
				CLANG_WARN_INT_CONVERSION = YES;
				CLANG_WARN_NON_LITERAL_NULL_CONVERSION = YES;
				CLANG_WARN_OBJC_IMPLICIT_RETAIN_SELF = YES;
				CLANG_WARN_OBJC_LITERAL_CONVERSION = YES;
				CLANG_WARN_OBJC_ROOT_CLASS = YES_ERROR;
				CLANG_WARN_RANGE_LOOP_ANALYSIS = YES;
				CLANG_WARN_STRICT_PROTOTYPES = YES;
				CLANG_WARN_SUSPICIOUS_MOVE = YES;
				CLANG_WARN_UNGUARDED_AVAILABILITY = YES_AGGRESSIVE;
				CLANG_WARN_UNREACHABLE_CODE = YES;
				CLANG_WARN__DUPLICATE_METHOD_MATCH = YES;
				CODE_SIGN_IDENTITY = "iPhone Developer";
				COPY_PHASE_STRIP = NO;
				DEBUG_INFORMATION_FORMAT = dwarf;
				ENABLE_STRICT_OBJC_MSGSEND = YES;
				ENABLE_TESTABILITY = YES;
				GCC_C_LANGUAGE_STANDARD = gnu11;
				GCC_DYNAMIC_NO_PIC = NO;
				GCC_NO_COMMON_BLOCKS = YES;
				GCC_OPTIMIZATION_LEVEL = 0;
				GCC_PREPROCESSOR_DEFINITIONS = (
					"DEBUG=1",
					"$(inherited)",
				);
				GCC_WARN_64_TO_32_BIT_CONVERSION = YES;
				GCC_WARN_ABOUT_RETURN_TYPE = YES_ERROR;
				GCC_WARN_UNDECLARED_SELECTOR = YES;
				GCC_WARN_UNINITIALIZED_AUTOS = YES_AGGRESSIVE;
				GCC_WARN_UNUSED_FUNCTION = YES;
				GCC_WARN_UNUSED_VARIABLE = YES;
				IPHONEOS_DEPLOYMENT_TARGET = 12.2;
				MTL_ENABLE_DEBUG_INFO = INCLUDE_SOURCE;
				MTL_FAST_MATH = YES;
				ONLY_ACTIVE_ARCH = YES;
				SDKROOT = iphoneos;
				SWIFT_ACTIVE_COMPILATION_CONDITIONS = DEBUG;
				SWIFT_OPTIMIZATION_LEVEL = "-Onone";
			};
			name = Debug;
		};
		FABBBA91225FE9E300245E00 /* Release */ = {
			isa = XCBuildConfiguration;
			buildSettings = {
				ALWAYS_SEARCH_USER_PATHS = NO;
				CLANG_ANALYZER_LOCALIZABILITY_NONLOCALIZED = YES;
				CLANG_ANALYZER_NONNULL = YES;
				CLANG_ANALYZER_NUMBER_OBJECT_CONVERSION = YES_AGGRESSIVE;
				CLANG_CXX_LANGUAGE_STANDARD = "gnu++14";
				CLANG_CXX_LIBRARY = "libc++";
				CLANG_ENABLE_MODULES = YES;
				CLANG_ENABLE_OBJC_ARC = YES;
				CLANG_ENABLE_OBJC_WEAK = YES;
				CLANG_WARN_BLOCK_CAPTURE_AUTORELEASING = YES;
				CLANG_WARN_BOOL_CONVERSION = YES;
				CLANG_WARN_COMMA = YES;
				CLANG_WARN_CONSTANT_CONVERSION = YES;
				CLANG_WARN_DEPRECATED_OBJC_IMPLEMENTATIONS = YES;
				CLANG_WARN_DIRECT_OBJC_ISA_USAGE = YES_ERROR;
				CLANG_WARN_DOCUMENTATION_COMMENTS = YES;
				CLANG_WARN_EMPTY_BODY = YES;
				CLANG_WARN_ENUM_CONVERSION = YES;
				CLANG_WARN_INFINITE_RECURSION = YES;
				CLANG_WARN_INT_CONVERSION = YES;
				CLANG_WARN_NON_LITERAL_NULL_CONVERSION = YES;
				CLANG_WARN_OBJC_IMPLICIT_RETAIN_SELF = YES;
				CLANG_WARN_OBJC_LITERAL_CONVERSION = YES;
				CLANG_WARN_OBJC_ROOT_CLASS = YES_ERROR;
				CLANG_WARN_RANGE_LOOP_ANALYSIS = YES;
				CLANG_WARN_STRICT_PROTOTYPES = YES;
				CLANG_WARN_SUSPICIOUS_MOVE = YES;
				CLANG_WARN_UNGUARDED_AVAILABILITY = YES_AGGRESSIVE;
				CLANG_WARN_UNREACHABLE_CODE = YES;
				CLANG_WARN__DUPLICATE_METHOD_MATCH = YES;
				CODE_SIGN_IDENTITY = "iPhone Developer";
				COPY_PHASE_STRIP = NO;
				DEBUG_INFORMATION_FORMAT = "dwarf-with-dsym";
				ENABLE_NS_ASSERTIONS = NO;
				ENABLE_STRICT_OBJC_MSGSEND = YES;
				GCC_C_LANGUAGE_STANDARD = gnu11;
				GCC_NO_COMMON_BLOCKS = YES;
				GCC_WARN_64_TO_32_BIT_CONVERSION = YES;
				GCC_WARN_ABOUT_RETURN_TYPE = YES_ERROR;
				GCC_WARN_UNDECLARED_SELECTOR = YES;
				GCC_WARN_UNINITIALIZED_AUTOS = YES_AGGRESSIVE;
				GCC_WARN_UNUSED_FUNCTION = YES;
				GCC_WARN_UNUSED_VARIABLE = YES;
				IPHONEOS_DEPLOYMENT_TARGET = 12.2;
				MTL_ENABLE_DEBUG_INFO = NO;
				MTL_FAST_MATH = YES;
				SDKROOT = iphoneos;
				SWIFT_COMPILATION_MODE = wholemodule;
				SWIFT_OPTIMIZATION_LEVEL = "-O";
				VALIDATE_PRODUCT = YES;
			};
			name = Release;
		};
		FABBBA93225FE9E300245E00 /* Debug */ = {
			isa = XCBuildConfiguration;
			baseConfigurationReference = FFBD338D091CCAFC6D3F3C57 /* Pods-Tenner.debug.xcconfig */;
			buildSettings = {
				ALWAYS_EMBED_SWIFT_STANDARD_LIBRARIES = YES;
				ASSETCATALOG_COMPILER_APPICON_NAME = AppIcon;
				CODE_SIGN_STYLE = Automatic;
				DEVELOPMENT_TEAM = 2EVWDUVKMM;
				FRAMEWORK_SEARCH_PATHS = (
					"$(inherited)",
					"$(PROJECT_DIR)/Tenner",
				);
				INFOPLIST_FILE = Tenner/Info.plist;
				LD_RUNPATH_SEARCH_PATHS = (
					"$(inherited)",
					"@executable_path/Frameworks",
				);
				OTHER_SWIFT_FLAGS = "";
				PRODUCT_BUNDLE_IDENTIFIER = ak.Tenner;
				PRODUCT_NAME = "$(TARGET_NAME)";
				SWIFT_ACTIVE_COMPILATION_CONDITIONS = DEBUG;
				SWIFT_VERSION = 5.0;
				TARGETED_DEVICE_FAMILY = 1;
			};
			name = Debug;
		};
		FABBBA94225FE9E300245E00 /* Release */ = {
			isa = XCBuildConfiguration;
			baseConfigurationReference = 3EE08314CE6BC6BFE12AD216 /* Pods-Tenner.release.xcconfig */;
			buildSettings = {
				ALWAYS_EMBED_SWIFT_STANDARD_LIBRARIES = YES;
				ASSETCATALOG_COMPILER_APPICON_NAME = AppIcon;
				CODE_SIGN_STYLE = Automatic;
				DEVELOPMENT_TEAM = 2EVWDUVKMM;
				FRAMEWORK_SEARCH_PATHS = (
					"$(inherited)",
					"$(PROJECT_DIR)/Tenner",
				);
				INFOPLIST_FILE = Tenner/Info.plist;
				LD_RUNPATH_SEARCH_PATHS = (
					"$(inherited)",
					"@executable_path/Frameworks",
				);
				OTHER_SWIFT_FLAGS = "";
				PRODUCT_BUNDLE_IDENTIFIER = ak.Tenner;
				PRODUCT_NAME = "$(TARGET_NAME)";
				SWIFT_VERSION = 5.0;
				TARGETED_DEVICE_FAMILY = 1;
			};
			name = Release;
		};
/* End XCBuildConfiguration section */

/* Begin XCConfigurationList section */
		FABBBA75225FE9E200245E00 /* Build configuration list for PBXProject "Tenner" */ = {
			isa = XCConfigurationList;
			buildConfigurations = (
				FABBBA90225FE9E300245E00 /* Debug */,
				FABBBA91225FE9E300245E00 /* Release */,
			);
			defaultConfigurationIsVisible = 0;
			defaultConfigurationName = Release;
		};
		FABBBA92225FE9E300245E00 /* Build configuration list for PBXNativeTarget "Tenner" */ = {
			isa = XCConfigurationList;
			buildConfigurations = (
				FABBBA93225FE9E300245E00 /* Debug */,
				FABBBA94225FE9E300245E00 /* Release */,
			);
			defaultConfigurationIsVisible = 0;
			defaultConfigurationName = Release;
		};
/* End XCConfigurationList section */

/* Begin XCVersionGroup section */
		FA0EA63022843F2800D501BC /* SettingsData.xcdatamodeld */ = {
			isa = XCVersionGroup;
			children = (
				FA0EA63122843F2800D501BC /* SettingsData.xcdatamodel */,
			);
			currentVersion = FA0EA63122843F2800D501BC /* SettingsData.xcdatamodel */;
			path = SettingsData.xcdatamodeld;
			sourceTree = "<group>";
			versionGroupType = wrapper.xcdatamodel;
		};
/* End XCVersionGroup section */
	};
	rootObject = FABBBA72225FE9E200245E00 /* Project object */;
}
